// !$*UTF8*$!
{
	archiveVersion = 1;
	classes = {
	};
	objectVersion = 46;
	objects = {

/* Begin PBXBuildFile section */
		11873B021AABF6220050D5DA /* PlacesClient.m in Sources */ = {isa = PBXBuildFile; fileRef = 11873B011AABF6220050D5DA /* PlacesClient.m */; };
		11873B051AABF6340050D5DA /* Place.m in Sources */ = {isa = PBXBuildFile; fileRef = 11873B041AABF6340050D5DA /* Place.m */; };
		11873B061AABF9BF0050D5DA /* main.m in Sources */ = {isa = PBXBuildFile; fileRef = C4FA0D761AAB9B830023FDC3 /* main.m */; };
		11873B071AABF9BF0050D5DA /* AppDelegate.m in Sources */ = {isa = PBXBuildFile; fileRef = C4FA0D791AAB9B830023FDC3 /* AppDelegate.m */; };
		11873B081AABF9BF0050D5DA /* Context.m in Sources */ = {isa = PBXBuildFile; fileRef = C4FA0DB41AABBA770023FDC3 /* Context.m */; };
		11873B0C1AABF9FD0050D5DA /* CityDetailsViewController.m in Sources */ = {isa = PBXBuildFile; fileRef = 11873B0A1AABF9FD0050D5DA /* CityDetailsViewController.m */; };
		11873B0D1AABF9FD0050D5DA /* CityDetailsViewController.xib in Resources */ = {isa = PBXBuildFile; fileRef = 11873B0B1AABF9FD0050D5DA /* CityDetailsViewController.xib */; };
		11873B141AABFD900050D5DA /* PlaceCell.m in Sources */ = {isa = PBXBuildFile; fileRef = 11873B121AABFD900050D5DA /* PlaceCell.m */; };
		11873B151AABFD900050D5DA /* PlaceCell.xib in Resources */ = {isa = PBXBuildFile; fileRef = 11873B131AABFD900050D5DA /* PlaceCell.xib */; };
		11873B181AAD49A70050D5DA /* KimonoClient.m in Sources */ = {isa = PBXBuildFile; fileRef = 11873B171AAD49A70050D5DA /* KimonoClient.m */; };
		11873B1C1AAD7D990050D5DA /* EventDetailViewController.m in Sources */ = {isa = PBXBuildFile; fileRef = 11873B1A1AAD7D990050D5DA /* EventDetailViewController.m */; };
		11873B1D1AAD7D990050D5DA /* EventDetailViewController.xib in Resources */ = {isa = PBXBuildFile; fileRef = 11873B1B1AAD7D990050D5DA /* EventDetailViewController.xib */; };
		11A389931AABE017006BA0F1 /* (null) in Sources */ = {isa = PBXBuildFile; };
		B84314A94BA67928B7206B9D /* libPods.a in Frameworks */ = {isa = PBXBuildFile; fileRef = 10F116A637F1BF91C4CE37A3 /* libPods.a */; };
		C4FA0D851AAB9B830023FDC3 /* LaunchScreen.xib in Resources */ = {isa = PBXBuildFile; fileRef = C4FA0D831AAB9B830023FDC3 /* LaunchScreen.xib */; };
		C4FA0D911AAB9B830023FDC3 /* EuroFlightTests.m in Sources */ = {isa = PBXBuildFile; fileRef = C4FA0D901AAB9B830023FDC3 /* EuroFlightTests.m */; };
		C4FA0DA51AABA5B50023FDC3 /* Flight.m in Sources */ = {isa = PBXBuildFile; fileRef = C4FA0DA41AABA5B50023FDC3 /* Flight.m */; };
		C4FA0DAB1AABA72F0023FDC3 /* City.m in Sources */ = {isa = PBXBuildFile; fileRef = C4FA0DAA1AABA72F0023FDC3 /* City.m */; };
		C4FA0DB11AABA86A0023FDC3 /* Event.m in Sources */ = {isa = PBXBuildFile; fileRef = C4FA0DB01AABA86A0023FDC3 /* Event.m */; };
		C4FA0DBF1AABD6670023FDC3 /* HomeViewController.m in Sources */ = {isa = PBXBuildFile; fileRef = C4FA0DBD1AABD6670023FDC3 /* HomeViewController.m */; };
		C4FA0DC41AABDEF20023FDC3 /* ResultsViewController.m in Sources */ = {isa = PBXBuildFile; fileRef = C4FA0DC21AABDEF20023FDC3 /* ResultsViewController.m */; };
		C4FA0DC51AABDEF20023FDC3 /* ResultsViewController.xib in Resources */ = {isa = PBXBuildFile; fileRef = C4FA0DC31AABDEF20023FDC3 /* ResultsViewController.xib */; };
		C4FA0DC91AABDFC60023FDC3 /* CountryTableViewCell.m in Sources */ = {isa = PBXBuildFile; fileRef = C4FA0DC71AABDFC60023FDC3 /* CountryTableViewCell.m */; };
		C4FA0DCA1AABDFC60023FDC3 /* CountryTableViewCell.xib in Resources */ = {isa = PBXBuildFile; fileRef = C4FA0DC81AABDFC60023FDC3 /* CountryTableViewCell.xib */; };
		C4FA0DCE1AABDFDA0023FDC3 /* CityTableViewCell.m in Sources */ = {isa = PBXBuildFile; fileRef = C4FA0DCC1AABDFDA0023FDC3 /* CityTableViewCell.m */; };
		C4FA0DCF1AABDFDA0023FDC3 /* CityTableViewCell.xib in Resources */ = {isa = PBXBuildFile; fileRef = C4FA0DCD1AABDFDA0023FDC3 /* CityTableViewCell.xib */; };
		C4FA0DD01AABEE0F0023FDC3 /* Trip.m in Sources */ = {isa = PBXBuildFile; fileRef = C4FA0DA71AABA6930023FDC3 /* Trip.m */; };
		C4FA0DD11AABEE0F0023FDC3 /* FlightSegment.m in Sources */ = {isa = PBXBuildFile; fileRef = C4FA0DA11AABA5520023FDC3 /* FlightSegment.m */; };
		C4FA0DD21AABEE0F0023FDC3 /* TripClient.m in Sources */ = {isa = PBXBuildFile; fileRef = C4FA0DBA1AABC1C80023FDC3 /* TripClient.m */; };
		C4FA0DD31AABEE0F0023FDC3 /* Country.m in Sources */ = {isa = PBXBuildFile; fileRef = C4FA0DAD1AABA8040023FDC3 /* Country.m */; };
		C4FA0DD41AABEE0F0023FDC3 /* Images.xcassets in Resources */ = {isa = PBXBuildFile; fileRef = C4FA0D811AAB9B830023FDC3 /* Images.xcassets */; };
		C4FA0DD51AABEE0F0023FDC3 /* HomeViewController.xib in Resources */ = {isa = PBXBuildFile; fileRef = C4FA0DBE1AABD6670023FDC3 /* HomeViewController.xib */; };
		EB08A4061AAC3948001C2AA3 /* OneWayFlightDetailView.m in Sources */ = {isa = PBXBuildFile; fileRef = EB08A4051AAC3948001C2AA3 /* OneWayFlightDetailView.m */; };
		EB08A40D1AAD349C001C2AA3 /* NameMappingHelper.m in Sources */ = {isa = PBXBuildFile; fileRef = EB08A40C1AAD349C001C2AA3 /* NameMappingHelper.m */; };
		EB3EF1321AAC38B60008FF9E /* OneWayFlightDetailView.xib in Resources */ = {isa = PBXBuildFile; fileRef = EB3EF1311AAC38B60008FF9E /* OneWayFlightDetailView.xib */; };
		EBA5210A1AABDDC20081E88A /* CDG.txt in Resources */ = {isa = PBXBuildFile; fileRef = EBA521091AABDDC20081E88A /* CDG.txt */; };
		EBA5210C1AABE1950081E88A /* BCN.txt in Resources */ = {isa = PBXBuildFile; fileRef = EBA5210B1AABE1950081E88A /* BCN.txt */; };
		EBA5210F1AABE2CE0081E88A /* MAD.txt in Resources */ = {isa = PBXBuildFile; fileRef = EBA5210E1AABE2CE0081E88A /* MAD.txt */; };
		EBA521111AABE2FE0081E88A /* ORY.txt in Resources */ = {isa = PBXBuildFile; fileRef = EBA521101AABE2FE0081E88A /* ORY.txt */; };
		EBA521131AABE3330081E88A /* NCE.txt in Resources */ = {isa = PBXBuildFile; fileRef = EBA521121AABE3330081E88A /* NCE.txt */; };
		EBA521171AABF3290081E88A /* FlightResultsViewController.m in Sources */ = {isa = PBXBuildFile; fileRef = EBA521151AABF3290081E88A /* FlightResultsViewController.m */; };
		EBA521181AABF3290081E88A /* FlightResultsViewController.xib in Resources */ = {isa = PBXBuildFile; fileRef = EBA521161AABF3290081E88A /* FlightResultsViewController.xib */; };
		EBA5211C1AABF4B80081E88A /* FlightResultCell.m in Sources */ = {isa = PBXBuildFile; fileRef = EBA5211A1AABF4B80081E88A /* FlightResultCell.m */; };
		EBA5211D1AABF4B80081E88A /* FlightResultCell.xib in Resources */ = {isa = PBXBuildFile; fileRef = EBA5211B1AABF4B80081E88A /* FlightResultCell.xib */; };
		EBA521211AABFFE60081E88A /* FlightDetailViewController.m in Sources */ = {isa = PBXBuildFile; fileRef = EBA5211F1AABFFE60081E88A /* FlightDetailViewController.m */; };
		EBA521221AABFFE60081E88A /* FlightDetailViewController.xib in Resources */ = {isa = PBXBuildFile; fileRef = EBA521201AABFFE60081E88A /* FlightDetailViewController.xib */; };
/* End PBXBuildFile section */

/* Begin PBXContainerItemProxy section */
		C4FA0D8B1AAB9B830023FDC3 /* PBXContainerItemProxy */ = {
			isa = PBXContainerItemProxy;
			containerPortal = C4FA0D691AAB9B820023FDC3 /* Project object */;
			proxyType = 1;
			remoteGlobalIDString = C4FA0D701AAB9B830023FDC3;
			remoteInfo = EuroFlight;
		};
/* End PBXContainerItemProxy section */

/* Begin PBXFileReference section */
		10F116A637F1BF91C4CE37A3 /* libPods.a */ = {isa = PBXFileReference; explicitFileType = archive.ar; includeInIndex = 0; path = libPods.a; sourceTree = BUILT_PRODUCTS_DIR; };
		11873B011AABF6220050D5DA /* PlacesClient.m */ = {isa = PBXFileReference; fileEncoding = 4; lastKnownFileType = sourcecode.c.objc; path = PlacesClient.m; sourceTree = "<group>"; };
		11873B031AABF6340050D5DA /* Place.h */ = {isa = PBXFileReference; fileEncoding = 4; lastKnownFileType = sourcecode.c.h; path = Place.h; sourceTree = "<group>"; };
		11873B041AABF6340050D5DA /* Place.m */ = {isa = PBXFileReference; fileEncoding = 4; lastKnownFileType = sourcecode.c.objc; path = Place.m; sourceTree = "<group>"; };
		11873B091AABF9FD0050D5DA /* CityDetailsViewController.h */ = {isa = PBXFileReference; fileEncoding = 4; lastKnownFileType = sourcecode.c.h; path = CityDetailsViewController.h; sourceTree = "<group>"; };
		11873B0A1AABF9FD0050D5DA /* CityDetailsViewController.m */ = {isa = PBXFileReference; fileEncoding = 4; lastKnownFileType = sourcecode.c.objc; path = CityDetailsViewController.m; sourceTree = "<group>"; };
		11873B0B1AABF9FD0050D5DA /* CityDetailsViewController.xib */ = {isa = PBXFileReference; fileEncoding = 4; lastKnownFileType = file.xib; path = CityDetailsViewController.xib; sourceTree = "<group>"; };
		11873B111AABFD900050D5DA /* PlaceCell.h */ = {isa = PBXFileReference; fileEncoding = 4; lastKnownFileType = sourcecode.c.h; path = PlaceCell.h; sourceTree = "<group>"; };
		11873B121AABFD900050D5DA /* PlaceCell.m */ = {isa = PBXFileReference; fileEncoding = 4; lastKnownFileType = sourcecode.c.objc; path = PlaceCell.m; sourceTree = "<group>"; };
		11873B131AABFD900050D5DA /* PlaceCell.xib */ = {isa = PBXFileReference; fileEncoding = 4; lastKnownFileType = file.xib; path = PlaceCell.xib; sourceTree = "<group>"; };
		11873B161AAD49A70050D5DA /* KimonoClient.h */ = {isa = PBXFileReference; fileEncoding = 4; lastKnownFileType = sourcecode.c.h; path = KimonoClient.h; sourceTree = "<group>"; };
		11873B171AAD49A70050D5DA /* KimonoClient.m */ = {isa = PBXFileReference; fileEncoding = 4; lastKnownFileType = sourcecode.c.objc; path = KimonoClient.m; sourceTree = "<group>"; };
		11873B191AAD7D990050D5DA /* EventDetailViewController.h */ = {isa = PBXFileReference; fileEncoding = 4; lastKnownFileType = sourcecode.c.h; path = EventDetailViewController.h; sourceTree = "<group>"; };
		11873B1A1AAD7D990050D5DA /* EventDetailViewController.m */ = {isa = PBXFileReference; fileEncoding = 4; lastKnownFileType = sourcecode.c.objc; path = EventDetailViewController.m; sourceTree = "<group>"; };
		11873B1B1AAD7D990050D5DA /* EventDetailViewController.xib */ = {isa = PBXFileReference; fileEncoding = 4; lastKnownFileType = file.xib; path = EventDetailViewController.xib; sourceTree = "<group>"; };
		11A389911AABE017006BA0F1 /* PlacesClient.h */ = {isa = PBXFileReference; fileEncoding = 4; lastKnownFileType = sourcecode.c.h; path = PlacesClient.h; sourceTree = "<group>"; };
		22C6EE4FA5C1D6C4ABDB0D26 /* Pods.debug.xcconfig */ = {isa = PBXFileReference; includeInIndex = 1; lastKnownFileType = text.xcconfig; name = Pods.debug.xcconfig; path = "Pods/Target Support Files/Pods/Pods.debug.xcconfig"; sourceTree = "<group>"; };
		3AB1657D6FAF216320BCD98D /* Pods.release.xcconfig */ = {isa = PBXFileReference; includeInIndex = 1; lastKnownFileType = text.xcconfig; name = Pods.release.xcconfig; path = "Pods/Target Support Files/Pods/Pods.release.xcconfig"; sourceTree = "<group>"; };
		C4FA0D711AAB9B830023FDC3 /* EuroFlight.app */ = {isa = PBXFileReference; explicitFileType = wrapper.application; includeInIndex = 0; path = EuroFlight.app; sourceTree = BUILT_PRODUCTS_DIR; };
		C4FA0D751AAB9B830023FDC3 /* Info.plist */ = {isa = PBXFileReference; lastKnownFileType = text.plist.xml; path = Info.plist; sourceTree = "<group>"; };
		C4FA0D761AAB9B830023FDC3 /* main.m */ = {isa = PBXFileReference; lastKnownFileType = sourcecode.c.objc; path = main.m; sourceTree = "<group>"; };
		C4FA0D781AAB9B830023FDC3 /* AppDelegate.h */ = {isa = PBXFileReference; lastKnownFileType = sourcecode.c.h; path = AppDelegate.h; sourceTree = "<group>"; };
		C4FA0D791AAB9B830023FDC3 /* AppDelegate.m */ = {isa = PBXFileReference; lastKnownFileType = sourcecode.c.objc; path = AppDelegate.m; sourceTree = "<group>"; };
		C4FA0D811AAB9B830023FDC3 /* Images.xcassets */ = {isa = PBXFileReference; lastKnownFileType = folder.assetcatalog; path = Images.xcassets; sourceTree = "<group>"; };
		C4FA0D841AAB9B830023FDC3 /* Base */ = {isa = PBXFileReference; lastKnownFileType = file.xib; name = Base; path = Base.lproj/LaunchScreen.xib; sourceTree = "<group>"; };
		C4FA0D8A1AAB9B830023FDC3 /* EuroFlightTests.xctest */ = {isa = PBXFileReference; explicitFileType = wrapper.cfbundle; includeInIndex = 0; path = EuroFlightTests.xctest; sourceTree = BUILT_PRODUCTS_DIR; };
		C4FA0D8F1AAB9B830023FDC3 /* Info.plist */ = {isa = PBXFileReference; lastKnownFileType = text.plist.xml; path = Info.plist; sourceTree = "<group>"; };
		C4FA0D901AAB9B830023FDC3 /* EuroFlightTests.m */ = {isa = PBXFileReference; lastKnownFileType = sourcecode.c.objc; path = EuroFlightTests.m; sourceTree = "<group>"; };
		C4FA0DA01AABA5520023FDC3 /* FlightSegment.h */ = {isa = PBXFileReference; fileEncoding = 4; lastKnownFileType = sourcecode.c.h; path = FlightSegment.h; sourceTree = "<group>"; };
		C4FA0DA11AABA5520023FDC3 /* FlightSegment.m */ = {isa = PBXFileReference; fileEncoding = 4; lastKnownFileType = sourcecode.c.objc; path = FlightSegment.m; sourceTree = "<group>"; };
		C4FA0DA31AABA5B50023FDC3 /* Flight.h */ = {isa = PBXFileReference; fileEncoding = 4; lastKnownFileType = sourcecode.c.h; path = Flight.h; sourceTree = "<group>"; };
		C4FA0DA41AABA5B50023FDC3 /* Flight.m */ = {isa = PBXFileReference; fileEncoding = 4; lastKnownFileType = sourcecode.c.objc; path = Flight.m; sourceTree = "<group>"; };
		C4FA0DA61AABA6930023FDC3 /* Trip.h */ = {isa = PBXFileReference; fileEncoding = 4; lastKnownFileType = sourcecode.c.h; path = Trip.h; sourceTree = "<group>"; };
		C4FA0DA71AABA6930023FDC3 /* Trip.m */ = {isa = PBXFileReference; fileEncoding = 4; lastKnownFileType = sourcecode.c.objc; path = Trip.m; sourceTree = "<group>"; };
		C4FA0DA91AABA72F0023FDC3 /* City.h */ = {isa = PBXFileReference; fileEncoding = 4; lastKnownFileType = sourcecode.c.h; path = City.h; sourceTree = "<group>"; };
		C4FA0DAA1AABA72F0023FDC3 /* City.m */ = {isa = PBXFileReference; fileEncoding = 4; lastKnownFileType = sourcecode.c.objc; path = City.m; sourceTree = "<group>"; };
		C4FA0DAC1AABA8040023FDC3 /* Country.h */ = {isa = PBXFileReference; fileEncoding = 4; lastKnownFileType = sourcecode.c.h; path = Country.h; sourceTree = "<group>"; };
		C4FA0DAD1AABA8040023FDC3 /* Country.m */ = {isa = PBXFileReference; fileEncoding = 4; lastKnownFileType = sourcecode.c.objc; path = Country.m; sourceTree = "<group>"; };
		C4FA0DAF1AABA86A0023FDC3 /* Event.h */ = {isa = PBXFileReference; fileEncoding = 4; lastKnownFileType = sourcecode.c.h; path = Event.h; sourceTree = "<group>"; };
		C4FA0DB01AABA86A0023FDC3 /* Event.m */ = {isa = PBXFileReference; fileEncoding = 4; lastKnownFileType = sourcecode.c.objc; path = Event.m; sourceTree = "<group>"; };
		C4FA0DB31AABBA770023FDC3 /* Context.h */ = {isa = PBXFileReference; fileEncoding = 4; lastKnownFileType = sourcecode.c.h; path = Context.h; sourceTree = "<group>"; };
		C4FA0DB41AABBA770023FDC3 /* Context.m */ = {isa = PBXFileReference; fileEncoding = 4; lastKnownFileType = sourcecode.c.objc; path = Context.m; sourceTree = "<group>"; };
		C4FA0DB91AABC1C80023FDC3 /* TripClient.h */ = {isa = PBXFileReference; fileEncoding = 4; lastKnownFileType = sourcecode.c.h; path = TripClient.h; sourceTree = "<group>"; };
		C4FA0DBA1AABC1C80023FDC3 /* TripClient.m */ = {isa = PBXFileReference; fileEncoding = 4; lastKnownFileType = sourcecode.c.objc; path = TripClient.m; sourceTree = "<group>"; };
		C4FA0DBC1AABD6670023FDC3 /* HomeViewController.h */ = {isa = PBXFileReference; fileEncoding = 4; lastKnownFileType = sourcecode.c.h; path = HomeViewController.h; sourceTree = "<group>"; };
		C4FA0DBD1AABD6670023FDC3 /* HomeViewController.m */ = {isa = PBXFileReference; fileEncoding = 4; lastKnownFileType = sourcecode.c.objc; path = HomeViewController.m; sourceTree = "<group>"; };
		C4FA0DBE1AABD6670023FDC3 /* HomeViewController.xib */ = {isa = PBXFileReference; fileEncoding = 4; lastKnownFileType = file.xib; path = HomeViewController.xib; sourceTree = "<group>"; };
		C4FA0DC11AABDEF20023FDC3 /* ResultsViewController.h */ = {isa = PBXFileReference; fileEncoding = 4; lastKnownFileType = sourcecode.c.h; path = ResultsViewController.h; sourceTree = "<group>"; };
		C4FA0DC21AABDEF20023FDC3 /* ResultsViewController.m */ = {isa = PBXFileReference; fileEncoding = 4; lastKnownFileType = sourcecode.c.objc; path = ResultsViewController.m; sourceTree = "<group>"; };
		C4FA0DC31AABDEF20023FDC3 /* ResultsViewController.xib */ = {isa = PBXFileReference; fileEncoding = 4; lastKnownFileType = file.xib; path = ResultsViewController.xib; sourceTree = "<group>"; };
		C4FA0DC61AABDFC60023FDC3 /* CountryTableViewCell.h */ = {isa = PBXFileReference; fileEncoding = 4; lastKnownFileType = sourcecode.c.h; path = CountryTableViewCell.h; sourceTree = "<group>"; };
		C4FA0DC71AABDFC60023FDC3 /* CountryTableViewCell.m */ = {isa = PBXFileReference; fileEncoding = 4; lastKnownFileType = sourcecode.c.objc; path = CountryTableViewCell.m; sourceTree = "<group>"; };
		C4FA0DC81AABDFC60023FDC3 /* CountryTableViewCell.xib */ = {isa = PBXFileReference; fileEncoding = 4; lastKnownFileType = file.xib; path = CountryTableViewCell.xib; sourceTree = "<group>"; };
		C4FA0DCB1AABDFDA0023FDC3 /* CityTableViewCell.h */ = {isa = PBXFileReference; fileEncoding = 4; lastKnownFileType = sourcecode.c.h; path = CityTableViewCell.h; sourceTree = "<group>"; };
		C4FA0DCC1AABDFDA0023FDC3 /* CityTableViewCell.m */ = {isa = PBXFileReference; fileEncoding = 4; lastKnownFileType = sourcecode.c.objc; path = CityTableViewCell.m; sourceTree = "<group>"; };
		C4FA0DCD1AABDFDA0023FDC3 /* CityTableViewCell.xib */ = {isa = PBXFileReference; fileEncoding = 4; lastKnownFileType = file.xib; path = CityTableViewCell.xib; sourceTree = "<group>"; };
		EB08A4041AAC3948001C2AA3 /* OneWayFlightDetailView.h */ = {isa = PBXFileReference; fileEncoding = 4; lastKnownFileType = sourcecode.c.h; path = OneWayFlightDetailView.h; sourceTree = "<group>"; };
		EB08A4051AAC3948001C2AA3 /* OneWayFlightDetailView.m */ = {isa = PBXFileReference; fileEncoding = 4; lastKnownFileType = sourcecode.c.objc; path = OneWayFlightDetailView.m; sourceTree = "<group>"; };
		EB08A40B1AAD349C001C2AA3 /* NameMappingHelper.h */ = {isa = PBXFileReference; fileEncoding = 4; lastKnownFileType = sourcecode.c.h; path = NameMappingHelper.h; sourceTree = "<group>"; };
		EB08A40C1AAD349C001C2AA3 /* NameMappingHelper.m */ = {isa = PBXFileReference; fileEncoding = 4; lastKnownFileType = sourcecode.c.objc; path = NameMappingHelper.m; sourceTree = "<group>"; };
		EB3EF1311AAC38B60008FF9E /* OneWayFlightDetailView.xib */ = {isa = PBXFileReference; fileEncoding = 4; lastKnownFileType = file.xib; path = OneWayFlightDetailView.xib; sourceTree = "<group>"; };
		EBA521091AABDDC20081E88A /* CDG.txt */ = {isa = PBXFileReference; fileEncoding = 4; lastKnownFileType = text; path = CDG.txt; sourceTree = "<group>"; };
		EBA5210B1AABE1950081E88A /* BCN.txt */ = {isa = PBXFileReference; fileEncoding = 4; lastKnownFileType = text; path = BCN.txt; sourceTree = "<group>"; };
		EBA5210E1AABE2CE0081E88A /* MAD.txt */ = {isa = PBXFileReference; fileEncoding = 4; lastKnownFileType = text; path = MAD.txt; sourceTree = "<group>"; };
		EBA521101AABE2FE0081E88A /* ORY.txt */ = {isa = PBXFileReference; fileEncoding = 4; lastKnownFileType = text; path = ORY.txt; sourceTree = "<group>"; };
		EBA521121AABE3330081E88A /* NCE.txt */ = {isa = PBXFileReference; fileEncoding = 4; lastKnownFileType = text; path = NCE.txt; sourceTree = "<group>"; };
		EBA521141AABF3290081E88A /* FlightResultsViewController.h */ = {isa = PBXFileReference; fileEncoding = 4; lastKnownFileType = sourcecode.c.h; path = FlightResultsViewController.h; sourceTree = "<group>"; };
		EBA521151AABF3290081E88A /* FlightResultsViewController.m */ = {isa = PBXFileReference; fileEncoding = 4; lastKnownFileType = sourcecode.c.objc; path = FlightResultsViewController.m; sourceTree = "<group>"; };
		EBA521161AABF3290081E88A /* FlightResultsViewController.xib */ = {isa = PBXFileReference; fileEncoding = 4; lastKnownFileType = file.xib; path = FlightResultsViewController.xib; sourceTree = "<group>"; };
		EBA521191AABF4B80081E88A /* FlightResultCell.h */ = {isa = PBXFileReference; fileEncoding = 4; lastKnownFileType = sourcecode.c.h; path = FlightResultCell.h; sourceTree = "<group>"; };
		EBA5211A1AABF4B80081E88A /* FlightResultCell.m */ = {isa = PBXFileReference; fileEncoding = 4; lastKnownFileType = sourcecode.c.objc; path = FlightResultCell.m; sourceTree = "<group>"; };
		EBA5211B1AABF4B80081E88A /* FlightResultCell.xib */ = {isa = PBXFileReference; fileEncoding = 4; lastKnownFileType = file.xib; path = FlightResultCell.xib; sourceTree = "<group>"; };
		EBA5211E1AABFFE60081E88A /* FlightDetailViewController.h */ = {isa = PBXFileReference; fileEncoding = 4; lastKnownFileType = sourcecode.c.h; path = FlightDetailViewController.h; sourceTree = "<group>"; };
		EBA5211F1AABFFE60081E88A /* FlightDetailViewController.m */ = {isa = PBXFileReference; fileEncoding = 4; lastKnownFileType = sourcecode.c.objc; path = FlightDetailViewController.m; sourceTree = "<group>"; };
		EBA521201AABFFE60081E88A /* FlightDetailViewController.xib */ = {isa = PBXFileReference; fileEncoding = 4; lastKnownFileType = file.xib; path = FlightDetailViewController.xib; sourceTree = "<group>"; };
/* End PBXFileReference section */

/* Begin PBXFrameworksBuildPhase section */
		C4FA0D6E1AAB9B830023FDC3 /* Frameworks */ = {
			isa = PBXFrameworksBuildPhase;
			buildActionMask = 2147483647;
			files = (
				B84314A94BA67928B7206B9D /* libPods.a in Frameworks */,
			);
			runOnlyForDeploymentPostprocessing = 0;
		};
		C4FA0D871AAB9B830023FDC3 /* Frameworks */ = {
			isa = PBXFrameworksBuildPhase;
			buildActionMask = 2147483647;
			files = (
			);
			runOnlyForDeploymentPostprocessing = 0;
		};
/* End PBXFrameworksBuildPhase section */

/* Begin PBXGroup section */
		AA784F5A2B8CBA29111699DF /* Frameworks */ = {
			isa = PBXGroup;
			children = (
				10F116A637F1BF91C4CE37A3 /* libPods.a */,
			);
			name = Frameworks;
			sourceTree = "<group>";
		};
		B24155D4DA48DA648828165D /* Pods */ = {
			isa = PBXGroup;
			children = (
				22C6EE4FA5C1D6C4ABDB0D26 /* Pods.debug.xcconfig */,
				3AB1657D6FAF216320BCD98D /* Pods.release.xcconfig */,
			);
			name = Pods;
			sourceTree = "<group>";
		};
		C4FA0D681AAB9B820023FDC3 = {
			isa = PBXGroup;
			children = (
				C4FA0D731AAB9B830023FDC3 /* EuroFlight */,
				C4FA0D8D1AAB9B830023FDC3 /* EuroFlightTests */,
				C4FA0D721AAB9B830023FDC3 /* Products */,
				B24155D4DA48DA648828165D /* Pods */,
				AA784F5A2B8CBA29111699DF /* Frameworks */,
			);
			sourceTree = "<group>";
		};
		C4FA0D721AAB9B830023FDC3 /* Products */ = {
			isa = PBXGroup;
			children = (
				C4FA0D711AAB9B830023FDC3 /* EuroFlight.app */,
				C4FA0D8A1AAB9B830023FDC3 /* EuroFlightTests.xctest */,
			);
			name = Products;
			sourceTree = "<group>";
		};
		C4FA0D731AAB9B830023FDC3 /* EuroFlight */ = {
			isa = PBXGroup;
			children = (
				EB08A4071AAD335A001C2AA3 /* Helpers */,
				C4FA0DB21AABAAFE0023FDC3 /* API */,
				C4FA0D9C1AAB9BA50023FDC3 /* View Controllers */,
				C4FA0D9B1AAB9B9E0023FDC3 /* Views */,
				C4FA0D9A1AAB9B960023FDC3 /* Models */,
				C4FA0D781AAB9B830023FDC3 /* AppDelegate.h */,
				C4FA0D791AAB9B830023FDC3 /* AppDelegate.m */,
				C4FA0D811AAB9B830023FDC3 /* Images.xcassets */,
				C4FA0D831AAB9B830023FDC3 /* LaunchScreen.xib */,
				C4FA0D741AAB9B830023FDC3 /* Supporting Files */,
			);
			path = EuroFlight;
			sourceTree = "<group>";
		};
		C4FA0D741AAB9B830023FDC3 /* Supporting Files */ = {
			isa = PBXGroup;
			children = (
				C4FA0D751AAB9B830023FDC3 /* Info.plist */,
				C4FA0D761AAB9B830023FDC3 /* main.m */,
				EBA5210D1AABE2800081E88A /* Sample Flight Data */,
			);
			name = "Supporting Files";
			sourceTree = "<group>";
		};
		C4FA0D8D1AAB9B830023FDC3 /* EuroFlightTests */ = {
			isa = PBXGroup;
			children = (
				C4FA0D901AAB9B830023FDC3 /* EuroFlightTests.m */,
				C4FA0D8E1AAB9B830023FDC3 /* Supporting Files */,
			);
			path = EuroFlightTests;
			sourceTree = "<group>";
		};
		C4FA0D8E1AAB9B830023FDC3 /* Supporting Files */ = {
			isa = PBXGroup;
			children = (
				C4FA0D8F1AAB9B830023FDC3 /* Info.plist */,
			);
			name = "Supporting Files";
			sourceTree = "<group>";
		};
		C4FA0D9A1AAB9B960023FDC3 /* Models */ = {
			isa = PBXGroup;
			children = (
				11873B031AABF6340050D5DA /* Place.h */,
				11873B041AABF6340050D5DA /* Place.m */,
				C4FA0DA01AABA5520023FDC3 /* FlightSegment.h */,
				C4FA0DA11AABA5520023FDC3 /* FlightSegment.m */,
				C4FA0DA31AABA5B50023FDC3 /* Flight.h */,
				C4FA0DA41AABA5B50023FDC3 /* Flight.m */,
				C4FA0DA61AABA6930023FDC3 /* Trip.h */,
				C4FA0DA71AABA6930023FDC3 /* Trip.m */,
				C4FA0DA91AABA72F0023FDC3 /* City.h */,
				C4FA0DAA1AABA72F0023FDC3 /* City.m */,
				C4FA0DAC1AABA8040023FDC3 /* Country.h */,
				C4FA0DAD1AABA8040023FDC3 /* Country.m */,
				C4FA0DAF1AABA86A0023FDC3 /* Event.h */,
				C4FA0DB01AABA86A0023FDC3 /* Event.m */,
				C4FA0DB31AABBA770023FDC3 /* Context.h */,
				C4FA0DB41AABBA770023FDC3 /* Context.m */,
			);
			name = Models;
			sourceTree = "<group>";
		};
		C4FA0D9B1AAB9B9E0023FDC3 /* Views */ = {
			isa = PBXGroup;
			children = (
				C4FA0DC61AABDFC60023FDC3 /* CountryTableViewCell.h */,
				C4FA0DC71AABDFC60023FDC3 /* CountryTableViewCell.m */,
				C4FA0DC81AABDFC60023FDC3 /* CountryTableViewCell.xib */,
				C4FA0DCB1AABDFDA0023FDC3 /* CityTableViewCell.h */,
				C4FA0DCC1AABDFDA0023FDC3 /* CityTableViewCell.m */,
				C4FA0DCD1AABDFDA0023FDC3 /* CityTableViewCell.xib */,
				EBA521191AABF4B80081E88A /* FlightResultCell.h */,
				EBA5211A1AABF4B80081E88A /* FlightResultCell.m */,
				EBA5211B1AABF4B80081E88A /* FlightResultCell.xib */,
				EB3EF1311AAC38B60008FF9E /* OneWayFlightDetailView.xib */,
				EB08A4041AAC3948001C2AA3 /* OneWayFlightDetailView.h */,
				EB08A4051AAC3948001C2AA3 /* OneWayFlightDetailView.m */,
				11873B111AABFD900050D5DA /* PlaceCell.h */,
				11873B121AABFD900050D5DA /* PlaceCell.m */,
				11873B131AABFD900050D5DA /* PlaceCell.xib */,
			);
			name = Views;
			sourceTree = "<group>";
		};
		C4FA0D9C1AAB9BA50023FDC3 /* View Controllers */ = {
			isa = PBXGroup;
			children = (
				C4FA0DBC1AABD6670023FDC3 /* HomeViewController.h */,
				C4FA0DBD1AABD6670023FDC3 /* HomeViewController.m */,
				C4FA0DBE1AABD6670023FDC3 /* HomeViewController.xib */,
				C4FA0DC11AABDEF20023FDC3 /* ResultsViewController.h */,
				C4FA0DC21AABDEF20023FDC3 /* ResultsViewController.m */,
				C4FA0DC31AABDEF20023FDC3 /* ResultsViewController.xib */,
				EBA521141AABF3290081E88A /* FlightResultsViewController.h */,
				EBA521151AABF3290081E88A /* FlightResultsViewController.m */,
				EBA521161AABF3290081E88A /* FlightResultsViewController.xib */,
				EBA5211E1AABFFE60081E88A /* FlightDetailViewController.h */,
				EBA5211F1AABFFE60081E88A /* FlightDetailViewController.m */,
				EBA521201AABFFE60081E88A /* FlightDetailViewController.xib */,
				11873B091AABF9FD0050D5DA /* CityDetailsViewController.h */,
				11873B0A1AABF9FD0050D5DA /* CityDetailsViewController.m */,
				11873B0B1AABF9FD0050D5DA /* CityDetailsViewController.xib */,
				11873B191AAD7D990050D5DA /* EventDetailViewController.h */,
				11873B1A1AAD7D990050D5DA /* EventDetailViewController.m */,
				11873B1B1AAD7D990050D5DA /* EventDetailViewController.xib */,
			);
			name = "View Controllers";
			sourceTree = "<group>";
		};
		C4FA0DB21AABAAFE0023FDC3 /* API */ = {
			isa = PBXGroup;
			children = (
				C4FA0DB91AABC1C80023FDC3 /* TripClient.h */,
				C4FA0DBA1AABC1C80023FDC3 /* TripClient.m */,
				11A389911AABE017006BA0F1 /* PlacesClient.h */,
				11873B011AABF6220050D5DA /* PlacesClient.m */,
				11873B161AAD49A70050D5DA /* KimonoClient.h */,
				11873B171AAD49A70050D5DA /* KimonoClient.m */,
			);
			name = API;
			sourceTree = "<group>";
		};
		EB08A4071AAD335A001C2AA3 /* Helpers */ = {
			isa = PBXGroup;
			children = (
				EB08A40B1AAD349C001C2AA3 /* NameMappingHelper.h */,
				EB08A40C1AAD349C001C2AA3 /* NameMappingHelper.m */,
			);
			name = Helpers;
			sourceTree = "<group>";
		};
		EBA5210D1AABE2800081E88A /* Sample Flight Data */ = {
			isa = PBXGroup;
			children = (
				EBA521091AABDDC20081E88A /* CDG.txt */,
				EBA5210B1AABE1950081E88A /* BCN.txt */,
				EBA5210E1AABE2CE0081E88A /* MAD.txt */,
				EBA521101AABE2FE0081E88A /* ORY.txt */,
				EBA521121AABE3330081E88A /* NCE.txt */,
			);
			name = "Sample Flight Data";
			sourceTree = "<group>";
		};
/* End PBXGroup section */

/* Begin PBXNativeTarget section */
		C4FA0D701AAB9B830023FDC3 /* EuroFlight */ = {
			isa = PBXNativeTarget;
			buildConfigurationList = C4FA0D941AAB9B830023FDC3 /* Build configuration list for PBXNativeTarget "EuroFlight" */;
			buildPhases = (
				F45BB875D6429301D681C198 /* Check Pods Manifest.lock */,
				C4FA0D6D1AAB9B830023FDC3 /* Sources */,
				C4FA0D6E1AAB9B830023FDC3 /* Frameworks */,
				C4FA0D6F1AAB9B830023FDC3 /* Resources */,
				79BBF93FC9704DA9CFE491A5 /* Copy Pods Resources */,
			);
			buildRules = (
			);
			dependencies = (
			);
			name = EuroFlight;
			productName = EuroFlight;
			productReference = C4FA0D711AAB9B830023FDC3 /* EuroFlight.app */;
			productType = "com.apple.product-type.application";
		};
		C4FA0D891AAB9B830023FDC3 /* EuroFlightTests */ = {
			isa = PBXNativeTarget;
			buildConfigurationList = C4FA0D971AAB9B830023FDC3 /* Build configuration list for PBXNativeTarget "EuroFlightTests" */;
			buildPhases = (
				C4FA0D861AAB9B830023FDC3 /* Sources */,
				C4FA0D871AAB9B830023FDC3 /* Frameworks */,
				C4FA0D881AAB9B830023FDC3 /* Resources */,
			);
			buildRules = (
			);
			dependencies = (
				C4FA0D8C1AAB9B830023FDC3 /* PBXTargetDependency */,
			);
			name = EuroFlightTests;
			productName = EuroFlightTests;
			productReference = C4FA0D8A1AAB9B830023FDC3 /* EuroFlightTests.xctest */;
			productType = "com.apple.product-type.bundle.unit-test";
		};
/* End PBXNativeTarget section */

/* Begin PBXProject section */
		C4FA0D691AAB9B820023FDC3 /* Project object */ = {
			isa = PBXProject;
			attributes = {
				LastUpgradeCheck = 0610;
				ORGANIZATIONNAME = OkStupid;
				TargetAttributes = {
					C4FA0D701AAB9B830023FDC3 = {
						CreatedOnToolsVersion = 6.1.1;
					};
					C4FA0D891AAB9B830023FDC3 = {
						CreatedOnToolsVersion = 6.1.1;
						TestTargetID = C4FA0D701AAB9B830023FDC3;
					};
				};
			};
			buildConfigurationList = C4FA0D6C1AAB9B820023FDC3 /* Build configuration list for PBXProject "EuroFlight" */;
			compatibilityVersion = "Xcode 3.2";
			developmentRegion = English;
			hasScannedForEncodings = 0;
			knownRegions = (
				en,
				Base,
			);
			mainGroup = C4FA0D681AAB9B820023FDC3;
			productRefGroup = C4FA0D721AAB9B830023FDC3 /* Products */;
			projectDirPath = "";
			projectRoot = "";
			targets = (
				C4FA0D701AAB9B830023FDC3 /* EuroFlight */,
				C4FA0D891AAB9B830023FDC3 /* EuroFlightTests */,
			);
		};
/* End PBXProject section */

/* Begin PBXResourcesBuildPhase section */
		C4FA0D6F1AAB9B830023FDC3 /* Resources */ = {
			isa = PBXResourcesBuildPhase;
			buildActionMask = 2147483647;
			files = (
				C4FA0D851AAB9B830023FDC3 /* LaunchScreen.xib in Resources */,
				C4FA0DD41AABEE0F0023FDC3 /* Images.xcassets in Resources */,
				EB3EF1321AAC38B60008FF9E /* OneWayFlightDetailView.xib in Resources */,
				C4FA0DD51AABEE0F0023FDC3 /* HomeViewController.xib in Resources */,
				C4FA0DC51AABDEF20023FDC3 /* ResultsViewController.xib in Resources */,
				11873B151AABFD900050D5DA /* PlaceCell.xib in Resources */,
				11873B0D1AABF9FD0050D5DA /* CityDetailsViewController.xib in Resources */,
				C4FA0DCF1AABDFDA0023FDC3 /* CityTableViewCell.xib in Resources */,
				C4FA0DCA1AABDFC60023FDC3 /* CountryTableViewCell.xib in Resources */,
				EBA5210C1AABE1950081E88A /* BCN.txt in Resources */,
				EBA5211D1AABF4B80081E88A /* FlightResultCell.xib in Resources */,
				EBA521131AABE3330081E88A /* NCE.txt in Resources */,
				EBA521221AABFFE60081E88A /* FlightDetailViewController.xib in Resources */,
				EBA5210F1AABE2CE0081E88A /* MAD.txt in Resources */,
				11873B1D1AAD7D990050D5DA /* EventDetailViewController.xib in Resources */,
				EBA521111AABE2FE0081E88A /* ORY.txt in Resources */,
				EBA5210A1AABDDC20081E88A /* CDG.txt in Resources */,
				EBA521181AABF3290081E88A /* FlightResultsViewController.xib in Resources */,
			);
			runOnlyForDeploymentPostprocessing = 0;
		};
		C4FA0D881AAB9B830023FDC3 /* Resources */ = {
			isa = PBXResourcesBuildPhase;
			buildActionMask = 2147483647;
			files = (
			);
			runOnlyForDeploymentPostprocessing = 0;
		};
/* End PBXResourcesBuildPhase section */

/* Begin PBXShellScriptBuildPhase section */
		79BBF93FC9704DA9CFE491A5 /* Copy Pods Resources */ = {
			isa = PBXShellScriptBuildPhase;
			buildActionMask = 2147483647;
			files = (
			);
			inputPaths = (
			);
			name = "Copy Pods Resources";
			outputPaths = (
			);
			runOnlyForDeploymentPostprocessing = 0;
			shellPath = /bin/sh;
			shellScript = "\"${SRCROOT}/Pods/Target Support Files/Pods/Pods-resources.sh\"\n";
			showEnvVarsInLog = 0;
		};
		F45BB875D6429301D681C198 /* Check Pods Manifest.lock */ = {
			isa = PBXShellScriptBuildPhase;
			buildActionMask = 2147483647;
			files = (
			);
			inputPaths = (
			);
			name = "Check Pods Manifest.lock";
			outputPaths = (
			);
			runOnlyForDeploymentPostprocessing = 0;
			shellPath = /bin/sh;
			shellScript = "diff \"${PODS_ROOT}/../Podfile.lock\" \"${PODS_ROOT}/Manifest.lock\" > /dev/null\nif [[ $? != 0 ]] ; then\n    cat << EOM\nerror: The sandbox is not in sync with the Podfile.lock. Run 'pod install' or update your CocoaPods installation.\nEOM\n    exit 1\nfi\n";
			showEnvVarsInLog = 0;
		};
/* End PBXShellScriptBuildPhase section */

/* Begin PBXSourcesBuildPhase section */
		C4FA0D6D1AAB9B830023FDC3 /* Sources */ = {
			isa = PBXSourcesBuildPhase;
			buildActionMask = 2147483647;
			files = (
				C4FA0DCE1AABDFDA0023FDC3 /* CityTableViewCell.m in Sources */,
				C4FA0DD31AABEE0F0023FDC3 /* Country.m in Sources */,
				C4FA0DD01AABEE0F0023FDC3 /* Trip.m in Sources */,
				C4FA0DD11AABEE0F0023FDC3 /* FlightSegment.m in Sources */,
				C4FA0DC41AABDEF20023FDC3 /* ResultsViewController.m in Sources */,
				C4FA0DD21AABEE0F0023FDC3 /* TripClient.m in Sources */,
				EB08A4061AAC3948001C2AA3 /* OneWayFlightDetailView.m in Sources */,
				C4FA0DC91AABDFC60023FDC3 /* CountryTableViewCell.m in Sources */,
				11873B141AABFD900050D5DA /* PlaceCell.m in Sources */,
				11873B021AABF6220050D5DA /* PlacesClient.m in Sources */,
				11873B051AABF6340050D5DA /* Place.m in Sources */,
				C4FA0DAB1AABA72F0023FDC3 /* City.m in Sources */,
				C4FA0DB11AABA86A0023FDC3 /* Event.m in Sources */,
				EBA521211AABFFE60081E88A /* FlightDetailViewController.m in Sources */,
				C4FA0DBF1AABD6670023FDC3 /* HomeViewController.m in Sources */,
				EBA5211C1AABF4B80081E88A /* FlightResultCell.m in Sources */,
				11873B1C1AAD7D990050D5DA /* EventDetailViewController.m in Sources */,
				C4FA0DA51AABA5B50023FDC3 /* Flight.m in Sources */,
				EB08A40D1AAD349C001C2AA3 /* NameMappingHelper.m in Sources */,
				EBA521171AABF3290081E88A /* FlightResultsViewController.m in Sources */,
				11873B071AABF9BF0050D5DA /* AppDelegate.m in Sources */,
				11873B081AABF9BF0050D5DA /* Context.m in Sources */,
				11873B061AABF9BF0050D5DA /* main.m in Sources */,
				11873B0C1AABF9FD0050D5DA /* CityDetailsViewController.m in Sources */,
				11A389931AABE017006BA0F1 /* (null) in Sources */,
				11873B181AAD49A70050D5DA /* KimonoClient.m in Sources */,
			);
			runOnlyForDeploymentPostprocessing = 0;
		};
		C4FA0D861AAB9B830023FDC3 /* Sources */ = {
			isa = PBXSourcesBuildPhase;
			buildActionMask = 2147483647;
			files = (
				C4FA0D911AAB9B830023FDC3 /* EuroFlightTests.m in Sources */,
			);
			runOnlyForDeploymentPostprocessing = 0;
		};
/* End PBXSourcesBuildPhase section */

/* Begin PBXTargetDependency section */
		C4FA0D8C1AAB9B830023FDC3 /* PBXTargetDependency */ = {
			isa = PBXTargetDependency;
			target = C4FA0D701AAB9B830023FDC3 /* EuroFlight */;
			targetProxy = C4FA0D8B1AAB9B830023FDC3 /* PBXContainerItemProxy */;
		};
/* End PBXTargetDependency section */

/* Begin PBXVariantGroup section */
		C4FA0D831AAB9B830023FDC3 /* LaunchScreen.xib */ = {
			isa = PBXVariantGroup;
			children = (
				C4FA0D841AAB9B830023FDC3 /* Base */,
			);
			name = LaunchScreen.xib;
			sourceTree = "<group>";
		};
/* End PBXVariantGroup section */

/* Begin XCBuildConfiguration section */
		C4FA0D921AAB9B830023FDC3 /* Debug */ = {
			isa = XCBuildConfiguration;
			buildSettings = {
				ALWAYS_SEARCH_USER_PATHS = NO;
				CLANG_CXX_LANGUAGE_STANDARD = "gnu++0x";
				CLANG_CXX_LIBRARY = "libc++";
				CLANG_ENABLE_MODULES = YES;
				CLANG_ENABLE_OBJC_ARC = YES;
				CLANG_WARN_BOOL_CONVERSION = YES;
				CLANG_WARN_CONSTANT_CONVERSION = YES;
				CLANG_WARN_DIRECT_OBJC_ISA_USAGE = YES_ERROR;
				CLANG_WARN_EMPTY_BODY = YES;
				CLANG_WARN_ENUM_CONVERSION = YES;
				CLANG_WARN_INT_CONVERSION = YES;
				CLANG_WARN_OBJC_ROOT_CLASS = YES_ERROR;
				CLANG_WARN_UNREACHABLE_CODE = YES;
				CLANG_WARN__DUPLICATE_METHOD_MATCH = YES;
				"CODE_SIGN_IDENTITY[sdk=iphoneos*]" = "iPhone Developer";
				COPY_PHASE_STRIP = NO;
				ENABLE_STRICT_OBJC_MSGSEND = YES;
				GCC_C_LANGUAGE_STANDARD = gnu99;
				GCC_DYNAMIC_NO_PIC = NO;
				GCC_OPTIMIZATION_LEVEL = 0;
				GCC_PREPROCESSOR_DEFINITIONS = (
					"DEBUG=1",
					"$(inherited)",
				);
				GCC_SYMBOLS_PRIVATE_EXTERN = NO;
				GCC_WARN_64_TO_32_BIT_CONVERSION = YES;
				GCC_WARN_ABOUT_RETURN_TYPE = YES_ERROR;
				GCC_WARN_UNDECLARED_SELECTOR = YES;
				GCC_WARN_UNINITIALIZED_AUTOS = YES_AGGRESSIVE;
				GCC_WARN_UNUSED_FUNCTION = YES;
				GCC_WARN_UNUSED_VARIABLE = YES;
				IPHONEOS_DEPLOYMENT_TARGET = 8.1;
				MTL_ENABLE_DEBUG_INFO = YES;
				ONLY_ACTIVE_ARCH = YES;
				SDKROOT = iphoneos;
			};
			name = Debug;
		};
		C4FA0D931AAB9B830023FDC3 /* Release */ = {
			isa = XCBuildConfiguration;
			buildSettings = {
				ALWAYS_SEARCH_USER_PATHS = NO;
				CLANG_CXX_LANGUAGE_STANDARD = "gnu++0x";
				CLANG_CXX_LIBRARY = "libc++";
				CLANG_ENABLE_MODULES = YES;
				CLANG_ENABLE_OBJC_ARC = YES;
				CLANG_WARN_BOOL_CONVERSION = YES;
				CLANG_WARN_CONSTANT_CONVERSION = YES;
				CLANG_WARN_DIRECT_OBJC_ISA_USAGE = YES_ERROR;
				CLANG_WARN_EMPTY_BODY = YES;
				CLANG_WARN_ENUM_CONVERSION = YES;
				CLANG_WARN_INT_CONVERSION = YES;
				CLANG_WARN_OBJC_ROOT_CLASS = YES_ERROR;
				CLANG_WARN_UNREACHABLE_CODE = YES;
				CLANG_WARN__DUPLICATE_METHOD_MATCH = YES;
				"CODE_SIGN_IDENTITY[sdk=iphoneos*]" = "iPhone Developer";
				COPY_PHASE_STRIP = YES;
				ENABLE_NS_ASSERTIONS = NO;
				ENABLE_STRICT_OBJC_MSGSEND = YES;
				GCC_C_LANGUAGE_STANDARD = gnu99;
				GCC_WARN_64_TO_32_BIT_CONVERSION = YES;
				GCC_WARN_ABOUT_RETURN_TYPE = YES_ERROR;
				GCC_WARN_UNDECLARED_SELECTOR = YES;
				GCC_WARN_UNINITIALIZED_AUTOS = YES_AGGRESSIVE;
				GCC_WARN_UNUSED_FUNCTION = YES;
				GCC_WARN_UNUSED_VARIABLE = YES;
				IPHONEOS_DEPLOYMENT_TARGET = 8.1;
				MTL_ENABLE_DEBUG_INFO = NO;
				SDKROOT = iphoneos;
				VALIDATE_PRODUCT = YES;
			};
			name = Release;
		};
		C4FA0D951AAB9B830023FDC3 /* Debug */ = {
			isa = XCBuildConfiguration;
			baseConfigurationReference = 22C6EE4FA5C1D6C4ABDB0D26 /* Pods.debug.xcconfig */;
			buildSettings = {
				ASSETCATALOG_COMPILER_APPICON_NAME = AppIcon;
				INFOPLIST_FILE = EuroFlight/Info.plist;
				LD_RUNPATH_SEARCH_PATHS = "$(inherited) @executable_path/Frameworks";
				PRODUCT_NAME = "$(TARGET_NAME)";
			};
			name = Debug;
		};
		C4FA0D961AAB9B830023FDC3 /* Release */ = {
			isa = XCBuildConfiguration;
			baseConfigurationReference = 3AB1657D6FAF216320BCD98D /* Pods.release.xcconfig */;
			buildSettings = {
				ASSETCATALOG_COMPILER_APPICON_NAME = AppIcon;
				INFOPLIST_FILE = EuroFlight/Info.plist;
				LD_RUNPATH_SEARCH_PATHS = "$(inherited) @executable_path/Frameworks";
				PRODUCT_NAME = "$(TARGET_NAME)";
			};
			name = Release;
		};
		C4FA0D981AAB9B830023FDC3 /* Debug */ = {
			isa = XCBuildConfiguration;
			buildSettings = {
				BUNDLE_LOADER = "$(TEST_HOST)";
				FRAMEWORK_SEARCH_PATHS = (
					"$(SDKROOT)/Developer/Library/Frameworks",
					"$(inherited)",
				);
				GCC_PREPROCESSOR_DEFINITIONS = (
					"DEBUG=1",
					"$(inherited)",
				);
				INFOPLIST_FILE = EuroFlightTests/Info.plist;
				LD_RUNPATH_SEARCH_PATHS = "$(inherited) @executable_path/Frameworks @loader_path/Frameworks";
				PRODUCT_NAME = "$(TARGET_NAME)";
				TEST_HOST = "$(BUILT_PRODUCTS_DIR)/EuroFlight.app/EuroFlight";
			};
			name = Debug;
		};
		C4FA0D991AAB9B830023FDC3 /* Release */ = {
			isa = XCBuildConfiguration;
			buildSettings = {
				BUNDLE_LOADER = "$(TEST_HOST)";
				FRAMEWORK_SEARCH_PATHS = (
					"$(SDKROOT)/Developer/Library/Frameworks",
					"$(inherited)",
				);
				INFOPLIST_FILE = EuroFlightTests/Info.plist;
				LD_RUNPATH_SEARCH_PATHS = "$(inherited) @executable_path/Frameworks @loader_path/Frameworks";
				PRODUCT_NAME = "$(TARGET_NAME)";
				TEST_HOST = "$(BUILT_PRODUCTS_DIR)/EuroFlight.app/EuroFlight";
			};
			name = Release;
		};
/* End XCBuildConfiguration section */

/* Begin XCConfigurationList section */
		C4FA0D6C1AAB9B820023FDC3 /* Build configuration list for PBXProject "EuroFlight" */ = {
			isa = XCConfigurationList;
			buildConfigurations = (
				C4FA0D921AAB9B830023FDC3 /* Debug */,
				C4FA0D931AAB9B830023FDC3 /* Release */,
			);
			defaultConfigurationIsVisible = 0;
			defaultConfigurationName = Release;
		};
		C4FA0D941AAB9B830023FDC3 /* Build configuration list for PBXNativeTarget "EuroFlight" */ = {
			isa = XCConfigurationList;
			buildConfigurations = (
				C4FA0D951AAB9B830023FDC3 /* Debug */,
				C4FA0D961AAB9B830023FDC3 /* Release */,
			);
			defaultConfigurationIsVisible = 0;
			defaultConfigurationName = Release;
		};
		C4FA0D971AAB9B830023FDC3 /* Build configuration list for PBXNativeTarget "EuroFlightTests" */ = {
			isa = XCConfigurationList;
			buildConfigurations = (
				C4FA0D981AAB9B830023FDC3 /* Debug */,
				C4FA0D991AAB9B830023FDC3 /* Release */,
			);
			defaultConfigurationIsVisible = 0;
			defaultConfigurationName = Release;
		};
/* End XCConfigurationList section */
	};
	rootObject = C4FA0D691AAB9B820023FDC3 /* Project object */;
}
