// !$*UTF8*$!
{
	archiveVersion = 1;
	classes = {
	};
	objectVersion = 46;
	objects = {

/* Begin PBXBuildFile section */
		113E2AAB1AB923C400DAAFA3 /* DescriptionCell.m in Sources */ = {isa = PBXBuildFile; fileRef = 113E2AA91AB923C400DAAFA3 /* DescriptionCell.m */; };
		113E2AAC1AB923C400DAAFA3 /* DescriptionCell.xib in Resources */ = {isa = PBXBuildFile; fileRef = 113E2AAA1AB923C400DAAFA3 /* DescriptionCell.xib */; };
		113E2AB51AB925FA00DAAFA3 /* EventCell.m in Sources */ = {isa = PBXBuildFile; fileRef = 113E2AB31AB925FA00DAAFA3 /* EventCell.m */; };
		113E2AB61AB925FA00DAAFA3 /* EventCell.xib in Resources */ = {isa = PBXBuildFile; fileRef = 113E2AB41AB925FA00DAAFA3 /* EventCell.xib */; };
		116185AA1ABE1C25006275B7 /* PlacesViewController.m in Sources */ = {isa = PBXBuildFile; fileRef = 116185A81ABE1C25006275B7 /* PlacesViewController.m */; };
		116185AB1ABE1C25006275B7 /* PlacesViewController.xib in Resources */ = {isa = PBXBuildFile; fileRef = 116185A91ABE1C25006275B7 /* PlacesViewController.xib */; };
		116185AE1ABE3C9B006275B7 /* PlacesScrollCustomView.m in Sources */ = {isa = PBXBuildFile; fileRef = 116185AD1ABE3C9B006275B7 /* PlacesScrollCustomView.m */; };
		116185B01ABE3CB3006275B7 /* PlacesScrollCustomView.xib in Resources */ = {isa = PBXBuildFile; fileRef = 116185AF1ABE3CB3006275B7 /* PlacesScrollCustomView.xib */; };
		117F3FFC1AB94F9C00D2D5A3 /* PlaceCollectionCell.m in Sources */ = {isa = PBXBuildFile; fileRef = 117F3FFA1AB94F9C00D2D5A3 /* PlaceCollectionCell.m */; };
		117F3FFD1AB94F9C00D2D5A3 /* PlaceCollectionCell.xib in Resources */ = {isa = PBXBuildFile; fileRef = 117F3FFB1AB94F9C00D2D5A3 /* PlaceCollectionCell.xib */; };
		117F87C31AAFF40900C1E24C /* PlaceCollectionViewCell.m in Sources */ = {isa = PBXBuildFile; fileRef = 117F87C11AAFF40900C1E24C /* PlaceCollectionViewCell.m */; };
		117F87C41AAFF40900C1E24C /* PlaceCollectionViewCell.xib in Resources */ = {isa = PBXBuildFile; fileRef = 117F87C21AAFF40900C1E24C /* PlaceCollectionViewCell.xib */; };
		11873B021AABF6220050D5DA /* PlacesClient.m in Sources */ = {isa = PBXBuildFile; fileRef = 11873B011AABF6220050D5DA /* PlacesClient.m */; };
		11873B051AABF6340050D5DA /* Place.m in Sources */ = {isa = PBXBuildFile; fileRef = 11873B041AABF6340050D5DA /* Place.m */; };
		11873B061AABF9BF0050D5DA /* main.m in Sources */ = {isa = PBXBuildFile; fileRef = C4FA0D761AAB9B830023FDC3 /* main.m */; };
		11873B071AABF9BF0050D5DA /* AppDelegate.m in Sources */ = {isa = PBXBuildFile; fileRef = C4FA0D791AAB9B830023FDC3 /* AppDelegate.m */; };
		11873B081AABF9BF0050D5DA /* Context.m in Sources */ = {isa = PBXBuildFile; fileRef = C4FA0DB41AABBA770023FDC3 /* Context.m */; };
		11873B0C1AABF9FD0050D5DA /* CityDetailsViewController.m in Sources */ = {isa = PBXBuildFile; fileRef = 11873B0A1AABF9FD0050D5DA /* CityDetailsViewController.m */; };
		11873B0D1AABF9FD0050D5DA /* CityDetailsViewController.xib in Resources */ = {isa = PBXBuildFile; fileRef = 11873B0B1AABF9FD0050D5DA /* CityDetailsViewController.xib */; };
		11873B181AAD49A70050D5DA /* KimonoClient.m in Sources */ = {isa = PBXBuildFile; fileRef = 11873B171AAD49A70050D5DA /* KimonoClient.m */; };
		11873B1C1AAD7D990050D5DA /* EventDetailViewController.m in Sources */ = {isa = PBXBuildFile; fileRef = 11873B1A1AAD7D990050D5DA /* EventDetailViewController.m */; };
		11873B1D1AAD7D990050D5DA /* EventDetailViewController.xib in Resources */ = {isa = PBXBuildFile; fileRef = 11873B1B1AAD7D990050D5DA /* EventDetailViewController.xib */; };
		11A389931AABE017006BA0F1 /* (null) in Sources */ = {isa = PBXBuildFile; };
		B84314A94BA67928B7206B9D /* libPods.a in Frameworks */ = {isa = PBXBuildFile; fileRef = 10F116A637F1BF91C4CE37A3 /* libPods.a */; };
		C43028071AB4DD7700DA2B18 /* CoreLocation.framework in Frameworks */ = {isa = PBXBuildFile; fileRef = C43028061AB4DD7600DA2B18 /* CoreLocation.framework */; };
		C430280A1AB4DED200DA2B18 /* LocationManager.m in Sources */ = {isa = PBXBuildFile; fileRef = C43028091AB4DED200DA2B18 /* LocationManager.m */; };
		C430280F1AB507FA00DA2B18 /* DepartureCityCell.m in Sources */ = {isa = PBXBuildFile; fileRef = C430280D1AB507FA00DA2B18 /* DepartureCityCell.m */; };
		C43028101AB507FA00DA2B18 /* DepartureCityCell.xib in Resources */ = {isa = PBXBuildFile; fileRef = C430280E1AB507FA00DA2B18 /* DepartureCityCell.xib */; };
		C43028141AB50B9F00DA2B18 /* DateSelectionCell.m in Sources */ = {isa = PBXBuildFile; fileRef = C43028121AB50B9F00DA2B18 /* DateSelectionCell.m */; };
		C43028151AB50B9F00DA2B18 /* DateSelectionCell.xib in Resources */ = {isa = PBXBuildFile; fileRef = C43028131AB50B9F00DA2B18 /* DateSelectionCell.xib */; };
		C43028231AB51F0400DA2B18 /* OneWayRoundTripCell.m in Sources */ = {isa = PBXBuildFile; fileRef = C43028211AB51F0400DA2B18 /* OneWayRoundTripCell.m */; };
		C43028241AB51F0400DA2B18 /* OneWayRoundTripCell.xib in Resources */ = {isa = PBXBuildFile; fileRef = C43028221AB51F0400DA2B18 /* OneWayRoundTripCell.xib */; };
		C43028281AB53FBC00DA2B18 /* UIImage+Util.m in Sources */ = {isa = PBXBuildFile; fileRef = C43028271AB53FBC00DA2B18 /* UIImage+Util.m */; };
		C43028301AB7F89900DA2B18 /* CityCustomMiniView.xib in Resources */ = {isa = PBXBuildFile; fileRef = C430282F1AB7F89900DA2B18 /* CityCustomMiniView.xib */; };
		C43028331AB7F91200DA2B18 /* CityCustomMiniView.m in Sources */ = {isa = PBXBuildFile; fileRef = C43028321AB7F91200DA2B18 /* CityCustomMiniView.m */; };
		C4F17FB41AC3448700540A09 /* PushTiltTransition.m in Sources */ = {isa = PBXBuildFile; fileRef = C4F17FB31AC3448700540A09 /* PushTiltTransition.m */; };
		C4FA0D851AAB9B830023FDC3 /* LaunchScreen.xib in Resources */ = {isa = PBXBuildFile; fileRef = C4FA0D831AAB9B830023FDC3 /* LaunchScreen.xib */; };
		C4FA0D911AAB9B830023FDC3 /* EuroFlightTests.m in Sources */ = {isa = PBXBuildFile; fileRef = C4FA0D901AAB9B830023FDC3 /* EuroFlightTests.m */; };
		C4FA0DA51AABA5B50023FDC3 /* Flight.m in Sources */ = {isa = PBXBuildFile; fileRef = C4FA0DA41AABA5B50023FDC3 /* Flight.m */; };
		C4FA0DAB1AABA72F0023FDC3 /* City.m in Sources */ = {isa = PBXBuildFile; fileRef = C4FA0DAA1AABA72F0023FDC3 /* City.m */; };
		C4FA0DB11AABA86A0023FDC3 /* Event.m in Sources */ = {isa = PBXBuildFile; fileRef = C4FA0DB01AABA86A0023FDC3 /* Event.m */; };
		C4FA0DBF1AABD6670023FDC3 /* HomeViewController.m in Sources */ = {isa = PBXBuildFile; fileRef = C4FA0DBD1AABD6670023FDC3 /* HomeViewController.m */; };
		C4FA0DC41AABDEF20023FDC3 /* ResultsViewController.m in Sources */ = {isa = PBXBuildFile; fileRef = C4FA0DC21AABDEF20023FDC3 /* ResultsViewController.m */; };
		C4FA0DC51AABDEF20023FDC3 /* ResultsViewController.xib in Resources */ = {isa = PBXBuildFile; fileRef = C4FA0DC31AABDEF20023FDC3 /* ResultsViewController.xib */; };
		C4FA0DC91AABDFC60023FDC3 /* CountryTableViewCell.m in Sources */ = {isa = PBXBuildFile; fileRef = C4FA0DC71AABDFC60023FDC3 /* CountryTableViewCell.m */; };
		C4FA0DCA1AABDFC60023FDC3 /* CountryTableViewCell.xib in Resources */ = {isa = PBXBuildFile; fileRef = C4FA0DC81AABDFC60023FDC3 /* CountryTableViewCell.xib */; };
		C4FA0DD01AABEE0F0023FDC3 /* Trip.m in Sources */ = {isa = PBXBuildFile; fileRef = C4FA0DA71AABA6930023FDC3 /* Trip.m */; };
		C4FA0DD11AABEE0F0023FDC3 /* FlightSegment.m in Sources */ = {isa = PBXBuildFile; fileRef = C4FA0DA11AABA5520023FDC3 /* FlightSegment.m */; };
		C4FA0DD21AABEE0F0023FDC3 /* TripClient.m in Sources */ = {isa = PBXBuildFile; fileRef = C4FA0DBA1AABC1C80023FDC3 /* TripClient.m */; };
		C4FA0DD31AABEE0F0023FDC3 /* Country.m in Sources */ = {isa = PBXBuildFile; fileRef = C4FA0DAD1AABA8040023FDC3 /* Country.m */; };
		C4FA0DD41AABEE0F0023FDC3 /* Images.xcassets in Resources */ = {isa = PBXBuildFile; fileRef = C4FA0D811AAB9B830023FDC3 /* Images.xcassets */; };
		C4FA0DD51AABEE0F0023FDC3 /* HomeViewController.xib in Resources */ = {isa = PBXBuildFile; fileRef = C4FA0DBE1AABD6670023FDC3 /* HomeViewController.xib */; };
		C4FA0DDC1AAEB96B0023FDC3 /* AirportClient.m in Sources */ = {isa = PBXBuildFile; fileRef = C4FA0DDB1AAEB96B0023FDC3 /* AirportClient.m */; };
		C4FA0DDF1AAEBDE00023FDC3 /* Airport.m in Sources */ = {isa = PBXBuildFile; fileRef = C4FA0DDE1AAEBDE00023FDC3 /* Airport.m */; };
		C4FA0DE31AAEC2CD0023FDC3 /* AirportSearchResultsControllerViewController.m in Sources */ = {isa = PBXBuildFile; fileRef = C4FA0DE11AAEC2CD0023FDC3 /* AirportSearchResultsControllerViewController.m */; };
		C4FA0DE41AAEC2CD0023FDC3 /* AirportSearchResultsControllerViewController.xib in Resources */ = {isa = PBXBuildFile; fileRef = C4FA0DE21AAEC2CD0023FDC3 /* AirportSearchResultsControllerViewController.xib */; };
		C4FA0DE81AAEC5B20023FDC3 /* AirportTableViewCell.m in Sources */ = {isa = PBXBuildFile; fileRef = C4FA0DE61AAEC5B20023FDC3 /* AirportTableViewCell.m */; };
		C4FA0DE91AAEC5B20023FDC3 /* AirportTableViewCell.xib in Resources */ = {isa = PBXBuildFile; fileRef = C4FA0DE71AAEC5B20023FDC3 /* AirportTableViewCell.xib */; };
		EB08A4061AAC3948001C2AA3 /* OneWayFlightDetailView.m in Sources */ = {isa = PBXBuildFile; fileRef = EB08A4051AAC3948001C2AA3 /* OneWayFlightDetailView.m */; };
		EB08A40D1AAD349C001C2AA3 /* NameMappingHelper.m in Sources */ = {isa = PBXBuildFile; fileRef = EB08A40C1AAD349C001C2AA3 /* NameMappingHelper.m */; };
		EB3EF1321AAC38B60008FF9E /* OneWayFlightDetailView.xib in Resources */ = {isa = PBXBuildFile; fileRef = EB3EF1311AAC38B60008FF9E /* OneWayFlightDetailView.xib */; };
		EB42F4DB1ABF82500004A9B8 /* BaseTransition.m in Sources */ = {isa = PBXBuildFile; fileRef = EB42F4DA1ABF82500004A9B8 /* BaseTransition.m */; };
		EB42F4DE1ABF899A0004A9B8 /* ZoomTransition.m in Sources */ = {isa = PBXBuildFile; fileRef = EB42F4DD1ABF899A0004A9B8 /* ZoomTransition.m */; };
		EB42F51E1AC284570004A9B8 /* FlightDetailsTransition.m in Sources */ = {isa = PBXBuildFile; fileRef = EB42F51D1AC284570004A9B8 /* FlightDetailsTransition.m */; };
		EB42F5211AC293100004A9B8 /* NavigationControllerDelegate.m in Sources */ = {isa = PBXBuildFile; fileRef = EB42F5201AC293100004A9B8 /* NavigationControllerDelegate.m */; };
		EB42F5271AC2B5CA0004A9B8 /* SkyscannerClient.m in Sources */ = {isa = PBXBuildFile; fileRef = EB42F5261AC2B5CA0004A9B8 /* SkyscannerClient.m */; };
		EB72B22A1AAEDE47004503D1 /* FavoritesViewController.m in Sources */ = {isa = PBXBuildFile; fileRef = EB72B2281AAEDE47004503D1 /* FavoritesViewController.m */; };
		EB72B22B1AAEDE47004503D1 /* FavoritesViewController.xib in Resources */ = {isa = PBXBuildFile; fileRef = EB72B2291AAEDE47004503D1 /* FavoritesViewController.xib */; };
		EB72B2561AB032D7004503D1 /* CurrencyFormatter.m in Sources */ = {isa = PBXBuildFile; fileRef = EB72B2551AB032D7004503D1 /* CurrencyFormatter.m */; };
		EB72B2581AB03CCA004503D1 /* WebKit.framework in Frameworks */ = {isa = PBXBuildFile; fileRef = EB72B2571AB03CCA004503D1 /* WebKit.framework */; };
		EB72B25C1AB04468004503D1 /* BuyFlightViewController.m in Sources */ = {isa = PBXBuildFile; fileRef = EB72B25A1AB04468004503D1 /* BuyFlightViewController.m */; };
		EB72B25D1AB04468004503D1 /* BuyFlightViewController.xib in Resources */ = {isa = PBXBuildFile; fileRef = EB72B25B1AB04468004503D1 /* BuyFlightViewController.xib */; };
		EB72B2661AB3F327004503D1 /* OneWayFlightResultView.xib in Resources */ = {isa = PBXBuildFile; fileRef = EB72B2651AB3F327004503D1 /* OneWayFlightResultView.xib */; };
		EB72B2691AB3F655004503D1 /* OneWayFlightResultView.m in Sources */ = {isa = PBXBuildFile; fileRef = EB72B2681AB3F655004503D1 /* OneWayFlightResultView.m */; };
		EB735C1A1AB819EE00386362 /* TriangleView.m in Sources */ = {isa = PBXBuildFile; fileRef = EB735C191AB819EE00386362 /* TriangleView.m */; };
		EB735C241AB9412B00386362 /* FavoritesResultCell.m in Sources */ = {isa = PBXBuildFile; fileRef = EB735C221AB9412B00386362 /* FavoritesResultCell.m */; };
		EB735C251AB9412B00386362 /* FavoritesResultCell.xib in Resources */ = {isa = PBXBuildFile; fileRef = EB735C231AB9412B00386362 /* FavoritesResultCell.xib */; };
		EB7665DA1ABF3E600094D6C3 /* PlaneLoadingView.m in Sources */ = {isa = PBXBuildFile; fileRef = EB7665D91ABF3E600094D6C3 /* PlaneLoadingView.m */; };
		EB7A40B51AC602FF00F13379 /* AMS.txt in Resources */ = {isa = PBXBuildFile; fileRef = EB7A408A1AC602FF00F13379 /* AMS.txt */; };
		EB7A40B61AC602FF00F13379 /* ARN.txt in Resources */ = {isa = PBXBuildFile; fileRef = EB7A408B1AC602FF00F13379 /* ARN.txt */; };
		EB7A40B71AC602FF00F13379 /* ATH.txt in Resources */ = {isa = PBXBuildFile; fileRef = EB7A408C1AC602FF00F13379 /* ATH.txt */; };
		EB7A40B81AC602FF00F13379 /* BCN.txt in Resources */ = {isa = PBXBuildFile; fileRef = EB7A408D1AC602FF00F13379 /* BCN.txt */; };
		EB7A40B91AC602FF00F13379 /* BEG.txt in Resources */ = {isa = PBXBuildFile; fileRef = EB7A408E1AC602FF00F13379 /* BEG.txt */; };
		EB7A40BA1AC602FF00F13379 /* BRU.txt in Resources */ = {isa = PBXBuildFile; fileRef = EB7A408F1AC602FF00F13379 /* BRU.txt */; };
		EB7A40BB1AC602FF00F13379 /* BUD.txt in Resources */ = {isa = PBXBuildFile; fileRef = EB7A40901AC602FF00F13379 /* BUD.txt */; };
		EB7A40BC1AC602FF00F13379 /* CDG.txt in Resources */ = {isa = PBXBuildFile; fileRef = EB7A40911AC602FF00F13379 /* CDG.txt */; };
		EB7A40BD1AC602FF00F13379 /* DME.txt in Resources */ = {isa = PBXBuildFile; fileRef = EB7A40921AC602FF00F13379 /* DME.txt */; };
		EB7A40BE1AC602FF00F13379 /* DUB.txt in Resources */ = {isa = PBXBuildFile; fileRef = EB7A40931AC602FF00F13379 /* DUB.txt */; };
		EB7A40BF1AC602FF00F13379 /* EDI.txt in Resources */ = {isa = PBXBuildFile; fileRef = EB7A40941AC602FF00F13379 /* EDI.txt */; };
		EB7A40C01AC602FF00F13379 /* FCO.txt in Resources */ = {isa = PBXBuildFile; fileRef = EB7A40951AC602FF00F13379 /* FCO.txt */; };
		EB7A40C11AC602FF00F13379 /* FLR.txt in Resources */ = {isa = PBXBuildFile; fileRef = EB7A40961AC602FF00F13379 /* FLR.txt */; };
		EB7A40C21AC602FF00F13379 /* FRA.txt in Resources */ = {isa = PBXBuildFile; fileRef = EB7A40971AC602FF00F13379 /* FRA.txt */; };
		EB7A40C31AC602FF00F13379 /* GDN.txt in Resources */ = {isa = PBXBuildFile; fileRef = EB7A40981AC602FF00F13379 /* GDN.txt */; };
		EB7A40C41AC602FF00F13379 /* GVA.txt in Resources */ = {isa = PBXBuildFile; fileRef = EB7A40991AC602FF00F13379 /* GVA.txt */; };
		EB7A40C51AC602FF00F13379 /* IBZ.txt in Resources */ = {isa = PBXBuildFile; fileRef = EB7A409A1AC602FF00F13379 /* IBZ.txt */; };
		EB7A40C61AC602FF00F13379 /* IST.txt in Resources */ = {isa = PBXBuildFile; fileRef = EB7A409B1AC602FF00F13379 /* IST.txt */; };
		EB7A40C71AC602FF00F13379 /* KEF.txt in Resources */ = {isa = PBXBuildFile; fileRef = EB7A409C1AC602FF00F13379 /* KEF.txt */; };
		EB7A40C81AC602FF00F13379 /* KRK.txt in Resources */ = {isa = PBXBuildFile; fileRef = EB7A409D1AC602FF00F13379 /* KRK.txt */; };
		EB7A40C91AC602FF00F13379 /* LED.txt in Resources */ = {isa = PBXBuildFile; fileRef = EB7A409E1AC602FF00F13379 /* LED.txt */; };
		EB7A40CA1AC602FF00F13379 /* LEJ.txt in Resources */ = {isa = PBXBuildFile; fileRef = EB7A409F1AC602FF00F13379 /* LEJ.txt */; };
		EB7A40CB1AC602FF00F13379 /* LIS.txt in Resources */ = {isa = PBXBuildFile; fileRef = EB7A40A01AC602FF00F13379 /* LIS.txt */; };
		EB7A40CC1AC602FF00F13379 /* LYS.txt in Resources */ = {isa = PBXBuildFile; fileRef = EB7A40A11AC602FF00F13379 /* LYS.txt */; };
		EB7A40CD1AC602FF00F13379 /* MAD.txt in Resources */ = {isa = PBXBuildFile; fileRef = EB7A40A21AC602FF00F13379 /* MAD.txt */; };
		EB7A40CE1AC602FF00F13379 /* MUC.txt in Resources */ = {isa = PBXBuildFile; fileRef = EB7A40A31AC602FF00F13379 /* MUC.txt */; };
		EB7A40CF1AC602FF00F13379 /* MXP.txt in Resources */ = {isa = PBXBuildFile; fileRef = EB7A40A41AC602FF00F13379 /* MXP.txt */; };
		EB7A40D01AC602FF00F13379 /* NCE.txt in Resources */ = {isa = PBXBuildFile; fileRef = EB7A40A51AC602FF00F13379 /* NCE.txt */; };
		EB7A40D11AC602FF00F13379 /* OPO.txt in Resources */ = {isa = PBXBuildFile; fileRef = EB7A40A61AC602FF00F13379 /* OPO.txt */; };
		EB7A40D21AC602FF00F13379 /* ORY.txt in Resources */ = {isa = PBXBuildFile; fileRef = EB7A40A71AC602FF00F13379 /* ORY.txt */; };
		EB7A40D31AC602FF00F13379 /* OSL.txt in Resources */ = {isa = PBXBuildFile; fileRef = EB7A40A81AC602FF00F13379 /* OSL.txt */; };
		EB7A40D41AC602FF00F13379 /* POZ.txt in Resources */ = {isa = PBXBuildFile; fileRef = EB7A40A91AC602FF00F13379 /* POZ.txt */; };
		EB7A40D51AC602FF00F13379 /* PRG.txt in Resources */ = {isa = PBXBuildFile; fileRef = EB7A40AA1AC602FF00F13379 /* PRG.txt */; };
		EB7A40D61AC602FF00F13379 /* PSA.txt in Resources */ = {isa = PBXBuildFile; fileRef = EB7A40AB1AC602FF00F13379 /* PSA.txt */; };
		EB7A40D71AC602FF00F13379 /* SXF.txt in Resources */ = {isa = PBXBuildFile; fileRef = EB7A40AC1AC602FF00F13379 /* SXF.txt */; };
		EB7A40D81AC602FF00F13379 /* SZG.txt in Resources */ = {isa = PBXBuildFile; fileRef = EB7A40AD1AC602FF00F13379 /* SZG.txt */; };
		EB7A40D91AC602FF00F13379 /* TRN.txt in Resources */ = {isa = PBXBuildFile; fileRef = EB7A40AE1AC602FF00F13379 /* TRN.txt */; };
		EB7A40DA1AC602FF00F13379 /* TXL.txt in Resources */ = {isa = PBXBuildFile; fileRef = EB7A40AF1AC602FF00F13379 /* TXL.txt */; };
		EB7A40DB1AC602FF00F13379 /* VCE.txt in Resources */ = {isa = PBXBuildFile; fileRef = EB7A40B01AC602FF00F13379 /* VCE.txt */; };
		EB7A40DC1AC602FF00F13379 /* VIE.txt in Resources */ = {isa = PBXBuildFile; fileRef = EB7A40B11AC602FF00F13379 /* VIE.txt */; };
		EB7A40DD1AC602FF00F13379 /* VLC.txt in Resources */ = {isa = PBXBuildFile; fileRef = EB7A40B21AC602FF00F13379 /* VLC.txt */; };
		EB7A40DE1AC602FF00F13379 /* WAW.txt in Resources */ = {isa = PBXBuildFile; fileRef = EB7A40B31AC602FF00F13379 /* WAW.txt */; };
		EB7A40DF1AC602FF00F13379 /* ZRH.txt in Resources */ = {isa = PBXBuildFile; fileRef = EB7A40B41AC602FF00F13379 /* ZRH.txt */; };
		EB91F1BF1AB6C573000A815F /* GoogleSearchClient.m in Sources */ = {isa = PBXBuildFile; fileRef = EB91F1BE1AB6C573000A815F /* GoogleSearchClient.m */; };
		EBA521171AABF3290081E88A /* FlightResultsViewController.m in Sources */ = {isa = PBXBuildFile; fileRef = EBA521151AABF3290081E88A /* FlightResultsViewController.m */; };
		EBA521181AABF3290081E88A /* FlightResultsViewController.xib in Resources */ = {isa = PBXBuildFile; fileRef = EBA521161AABF3290081E88A /* FlightResultsViewController.xib */; };
		EBA5211C1AABF4B80081E88A /* FlightResultCell.m in Sources */ = {isa = PBXBuildFile; fileRef = EBA5211A1AABF4B80081E88A /* FlightResultCell.m */; };
		EBA5211D1AABF4B80081E88A /* FlightResultCell.xib in Resources */ = {isa = PBXBuildFile; fileRef = EBA5211B1AABF4B80081E88A /* FlightResultCell.xib */; };
		EBA521211AABFFE60081E88A /* FlightDetailViewController.m in Sources */ = {isa = PBXBuildFile; fileRef = EBA5211F1AABFFE60081E88A /* FlightDetailViewController.m */; };
		EBA521221AABFFE60081E88A /* FlightDetailViewController.xib in Resources */ = {isa = PBXBuildFile; fileRef = EBA521201AABFFE60081E88A /* FlightDetailViewController.xib */; };
		EBA7FA8B1AB56CA100760622 /* FlightResultGroupCell.m in Sources */ = {isa = PBXBuildFile; fileRef = EBA7FA891AB56CA100760622 /* FlightResultGroupCell.m */; };
		EBA7FA8C1AB56CA100760622 /* FlightResultGroupCell.xib in Resources */ = {isa = PBXBuildFile; fileRef = EBA7FA8A1AB56CA100760622 /* FlightResultGroupCell.xib */; };
		EBA7FA991AB6538000760622 /* SegmentDetailCell.m in Sources */ = {isa = PBXBuildFile; fileRef = EBA7FA971AB6538000760622 /* SegmentDetailCell.m */; };
		EBA7FA9A1AB6538000760622 /* SegmentDetailCell.xib in Resources */ = {isa = PBXBuildFile; fileRef = EBA7FA981AB6538000760622 /* SegmentDetailCell.xib */; };
		EBA7FA9E1AB6539600760622 /* LayoverDetailCell.m in Sources */ = {isa = PBXBuildFile; fileRef = EBA7FA9C1AB6539600760622 /* LayoverDetailCell.m */; };
		EBA7FA9F1AB6539600760622 /* LayoverDetailCell.xib in Resources */ = {isa = PBXBuildFile; fileRef = EBA7FA9D1AB6539600760622 /* LayoverDetailCell.xib */; };
		EBA7FAA11AB6639900760622 /* FlightDetailSectionHeaderView.xib in Resources */ = {isa = PBXBuildFile; fileRef = EBA7FAA01AB6639900760622 /* FlightDetailSectionHeaderView.xib */; };
		EBA7FAA41AB6656100760622 /* FlightDetailSectionHeaderView.m in Sources */ = {isa = PBXBuildFile; fileRef = EBA7FAA31AB6656100760622 /* FlightDetailSectionHeaderView.m */; };
		EBDB6BEA1AAEBA8200F24818 /* FavoritesManager.m in Sources */ = {isa = PBXBuildFile; fileRef = EBDB6BE91AAEBA8200F24818 /* FavoritesManager.m */; };
/* End PBXBuildFile section */

/* Begin PBXContainerItemProxy section */
		C4FA0D8B1AAB9B830023FDC3 /* PBXContainerItemProxy */ = {
			isa = PBXContainerItemProxy;
			containerPortal = C4FA0D691AAB9B820023FDC3 /* Project object */;
			proxyType = 1;
			remoteGlobalIDString = C4FA0D701AAB9B830023FDC3;
			remoteInfo = EuroFlight;
		};
/* End PBXContainerItemProxy section */

/* Begin PBXFileReference section */
		10F116A637F1BF91C4CE37A3 /* libPods.a */ = {isa = PBXFileReference; explicitFileType = archive.ar; includeInIndex = 0; path = libPods.a; sourceTree = BUILT_PRODUCTS_DIR; };
		113E2AA81AB923C400DAAFA3 /* DescriptionCell.h */ = {isa = PBXFileReference; fileEncoding = 4; lastKnownFileType = sourcecode.c.h; path = DescriptionCell.h; sourceTree = "<group>"; };
		113E2AA91AB923C400DAAFA3 /* DescriptionCell.m */ = {isa = PBXFileReference; fileEncoding = 4; lastKnownFileType = sourcecode.c.objc; path = DescriptionCell.m; sourceTree = "<group>"; };
		113E2AAA1AB923C400DAAFA3 /* DescriptionCell.xib */ = {isa = PBXFileReference; fileEncoding = 4; lastKnownFileType = file.xib; path = DescriptionCell.xib; sourceTree = "<group>"; };
		113E2AB21AB925FA00DAAFA3 /* EventCell.h */ = {isa = PBXFileReference; fileEncoding = 4; lastKnownFileType = sourcecode.c.h; path = EventCell.h; sourceTree = "<group>"; };
		113E2AB31AB925FA00DAAFA3 /* EventCell.m */ = {isa = PBXFileReference; fileEncoding = 4; lastKnownFileType = sourcecode.c.objc; path = EventCell.m; sourceTree = "<group>"; };
		113E2AB41AB925FA00DAAFA3 /* EventCell.xib */ = {isa = PBXFileReference; fileEncoding = 4; lastKnownFileType = file.xib; path = EventCell.xib; sourceTree = "<group>"; };
		116185A71ABE1C25006275B7 /* PlacesViewController.h */ = {isa = PBXFileReference; fileEncoding = 4; lastKnownFileType = sourcecode.c.h; path = PlacesViewController.h; sourceTree = "<group>"; };
		116185A81ABE1C25006275B7 /* PlacesViewController.m */ = {isa = PBXFileReference; fileEncoding = 4; lastKnownFileType = sourcecode.c.objc; path = PlacesViewController.m; sourceTree = "<group>"; };
		116185A91ABE1C25006275B7 /* PlacesViewController.xib */ = {isa = PBXFileReference; fileEncoding = 4; lastKnownFileType = file.xib; path = PlacesViewController.xib; sourceTree = "<group>"; };
		116185AC1ABE3C9B006275B7 /* PlacesScrollCustomView.h */ = {isa = PBXFileReference; fileEncoding = 4; lastKnownFileType = sourcecode.c.h; path = PlacesScrollCustomView.h; sourceTree = "<group>"; };
		116185AD1ABE3C9B006275B7 /* PlacesScrollCustomView.m */ = {isa = PBXFileReference; fileEncoding = 4; lastKnownFileType = sourcecode.c.objc; path = PlacesScrollCustomView.m; sourceTree = "<group>"; };
		116185AF1ABE3CB3006275B7 /* PlacesScrollCustomView.xib */ = {isa = PBXFileReference; fileEncoding = 4; lastKnownFileType = file.xib; path = PlacesScrollCustomView.xib; sourceTree = "<group>"; };
		117F3FF91AB94F9C00D2D5A3 /* PlaceCollectionCell.h */ = {isa = PBXFileReference; fileEncoding = 4; lastKnownFileType = sourcecode.c.h; path = PlaceCollectionCell.h; sourceTree = "<group>"; };
		117F3FFA1AB94F9C00D2D5A3 /* PlaceCollectionCell.m */ = {isa = PBXFileReference; fileEncoding = 4; lastKnownFileType = sourcecode.c.objc; path = PlaceCollectionCell.m; sourceTree = "<group>"; };
		117F3FFB1AB94F9C00D2D5A3 /* PlaceCollectionCell.xib */ = {isa = PBXFileReference; fileEncoding = 4; lastKnownFileType = file.xib; path = PlaceCollectionCell.xib; sourceTree = "<group>"; };
		117F87C01AAFF40900C1E24C /* PlaceCollectionViewCell.h */ = {isa = PBXFileReference; fileEncoding = 4; lastKnownFileType = sourcecode.c.h; path = PlaceCollectionViewCell.h; sourceTree = "<group>"; };
		117F87C11AAFF40900C1E24C /* PlaceCollectionViewCell.m */ = {isa = PBXFileReference; fileEncoding = 4; lastKnownFileType = sourcecode.c.objc; path = PlaceCollectionViewCell.m; sourceTree = "<group>"; };
		117F87C21AAFF40900C1E24C /* PlaceCollectionViewCell.xib */ = {isa = PBXFileReference; fileEncoding = 4; lastKnownFileType = file.xib; path = PlaceCollectionViewCell.xib; sourceTree = "<group>"; };
		11873B011AABF6220050D5DA /* PlacesClient.m */ = {isa = PBXFileReference; fileEncoding = 4; lastKnownFileType = sourcecode.c.objc; path = PlacesClient.m; sourceTree = "<group>"; };
		11873B031AABF6340050D5DA /* Place.h */ = {isa = PBXFileReference; fileEncoding = 4; lastKnownFileType = sourcecode.c.h; path = Place.h; sourceTree = "<group>"; };
		11873B041AABF6340050D5DA /* Place.m */ = {isa = PBXFileReference; fileEncoding = 4; lastKnownFileType = sourcecode.c.objc; path = Place.m; sourceTree = "<group>"; };
		11873B091AABF9FD0050D5DA /* CityDetailsViewController.h */ = {isa = PBXFileReference; fileEncoding = 4; lastKnownFileType = sourcecode.c.h; path = CityDetailsViewController.h; sourceTree = "<group>"; };
		11873B0A1AABF9FD0050D5DA /* CityDetailsViewController.m */ = {isa = PBXFileReference; fileEncoding = 4; lastKnownFileType = sourcecode.c.objc; path = CityDetailsViewController.m; sourceTree = "<group>"; };
		11873B0B1AABF9FD0050D5DA /* CityDetailsViewController.xib */ = {isa = PBXFileReference; fileEncoding = 4; lastKnownFileType = file.xib; path = CityDetailsViewController.xib; sourceTree = "<group>"; };
		11873B161AAD49A70050D5DA /* KimonoClient.h */ = {isa = PBXFileReference; fileEncoding = 4; lastKnownFileType = sourcecode.c.h; path = KimonoClient.h; sourceTree = "<group>"; };
		11873B171AAD49A70050D5DA /* KimonoClient.m */ = {isa = PBXFileReference; fileEncoding = 4; lastKnownFileType = sourcecode.c.objc; path = KimonoClient.m; sourceTree = "<group>"; };
		11873B191AAD7D990050D5DA /* EventDetailViewController.h */ = {isa = PBXFileReference; fileEncoding = 4; lastKnownFileType = sourcecode.c.h; path = EventDetailViewController.h; sourceTree = "<group>"; };
		11873B1A1AAD7D990050D5DA /* EventDetailViewController.m */ = {isa = PBXFileReference; fileEncoding = 4; lastKnownFileType = sourcecode.c.objc; path = EventDetailViewController.m; sourceTree = "<group>"; };
		11873B1B1AAD7D990050D5DA /* EventDetailViewController.xib */ = {isa = PBXFileReference; fileEncoding = 4; lastKnownFileType = file.xib; path = EventDetailViewController.xib; sourceTree = "<group>"; };
		11A389911AABE017006BA0F1 /* PlacesClient.h */ = {isa = PBXFileReference; fileEncoding = 4; lastKnownFileType = sourcecode.c.h; path = PlacesClient.h; sourceTree = "<group>"; };
		22C6EE4FA5C1D6C4ABDB0D26 /* Pods.debug.xcconfig */ = {isa = PBXFileReference; includeInIndex = 1; lastKnownFileType = text.xcconfig; name = Pods.debug.xcconfig; path = "Pods/Target Support Files/Pods/Pods.debug.xcconfig"; sourceTree = "<group>"; };
		3AB1657D6FAF216320BCD98D /* Pods.release.xcconfig */ = {isa = PBXFileReference; includeInIndex = 1; lastKnownFileType = text.xcconfig; name = Pods.release.xcconfig; path = "Pods/Target Support Files/Pods/Pods.release.xcconfig"; sourceTree = "<group>"; };
		C43028061AB4DD7600DA2B18 /* CoreLocation.framework */ = {isa = PBXFileReference; lastKnownFileType = wrapper.framework; name = CoreLocation.framework; path = System/Library/Frameworks/CoreLocation.framework; sourceTree = SDKROOT; };
		C43028081AB4DED200DA2B18 /* LocationManager.h */ = {isa = PBXFileReference; fileEncoding = 4; lastKnownFileType = sourcecode.c.h; path = LocationManager.h; sourceTree = "<group>"; };
		C43028091AB4DED200DA2B18 /* LocationManager.m */ = {isa = PBXFileReference; fileEncoding = 4; lastKnownFileType = sourcecode.c.objc; path = LocationManager.m; sourceTree = "<group>"; };
		C430280C1AB507FA00DA2B18 /* DepartureCityCell.h */ = {isa = PBXFileReference; fileEncoding = 4; lastKnownFileType = sourcecode.c.h; path = DepartureCityCell.h; sourceTree = "<group>"; };
		C430280D1AB507FA00DA2B18 /* DepartureCityCell.m */ = {isa = PBXFileReference; fileEncoding = 4; lastKnownFileType = sourcecode.c.objc; path = DepartureCityCell.m; sourceTree = "<group>"; };
		C430280E1AB507FA00DA2B18 /* DepartureCityCell.xib */ = {isa = PBXFileReference; fileEncoding = 4; lastKnownFileType = file.xib; path = DepartureCityCell.xib; sourceTree = "<group>"; };
		C43028111AB50B9F00DA2B18 /* DateSelectionCell.h */ = {isa = PBXFileReference; fileEncoding = 4; lastKnownFileType = sourcecode.c.h; path = DateSelectionCell.h; sourceTree = "<group>"; };
		C43028121AB50B9F00DA2B18 /* DateSelectionCell.m */ = {isa = PBXFileReference; fileEncoding = 4; lastKnownFileType = sourcecode.c.objc; path = DateSelectionCell.m; sourceTree = "<group>"; };
		C43028131AB50B9F00DA2B18 /* DateSelectionCell.xib */ = {isa = PBXFileReference; fileEncoding = 4; lastKnownFileType = file.xib; path = DateSelectionCell.xib; sourceTree = "<group>"; };
		C43028201AB51F0400DA2B18 /* OneWayRoundTripCell.h */ = {isa = PBXFileReference; fileEncoding = 4; lastKnownFileType = sourcecode.c.h; path = OneWayRoundTripCell.h; sourceTree = "<group>"; };
		C43028211AB51F0400DA2B18 /* OneWayRoundTripCell.m */ = {isa = PBXFileReference; fileEncoding = 4; lastKnownFileType = sourcecode.c.objc; path = OneWayRoundTripCell.m; sourceTree = "<group>"; };
		C43028221AB51F0400DA2B18 /* OneWayRoundTripCell.xib */ = {isa = PBXFileReference; fileEncoding = 4; lastKnownFileType = file.xib; path = OneWayRoundTripCell.xib; sourceTree = "<group>"; };
		C43028261AB53FBC00DA2B18 /* UIImage+Util.h */ = {isa = PBXFileReference; fileEncoding = 4; lastKnownFileType = sourcecode.c.h; path = "UIImage+Util.h"; sourceTree = "<group>"; };
		C43028271AB53FBC00DA2B18 /* UIImage+Util.m */ = {isa = PBXFileReference; fileEncoding = 4; lastKnownFileType = sourcecode.c.objc; path = "UIImage+Util.m"; sourceTree = "<group>"; };
		C430282F1AB7F89900DA2B18 /* CityCustomMiniView.xib */ = {isa = PBXFileReference; fileEncoding = 4; lastKnownFileType = file.xib; path = CityCustomMiniView.xib; sourceTree = "<group>"; };
		C43028311AB7F91200DA2B18 /* CityCustomMiniView.h */ = {isa = PBXFileReference; fileEncoding = 4; lastKnownFileType = sourcecode.c.h; path = CityCustomMiniView.h; sourceTree = "<group>"; };
		C43028321AB7F91200DA2B18 /* CityCustomMiniView.m */ = {isa = PBXFileReference; fileEncoding = 4; lastKnownFileType = sourcecode.c.objc; path = CityCustomMiniView.m; sourceTree = "<group>"; };
		C4F17FB21AC3448700540A09 /* PushTiltTransition.h */ = {isa = PBXFileReference; fileEncoding = 4; lastKnownFileType = sourcecode.c.h; path = PushTiltTransition.h; sourceTree = "<group>"; };
		C4F17FB31AC3448700540A09 /* PushTiltTransition.m */ = {isa = PBXFileReference; fileEncoding = 4; lastKnownFileType = sourcecode.c.objc; path = PushTiltTransition.m; sourceTree = "<group>"; };
		C4FA0D711AAB9B830023FDC3 /* EuroFlight.app */ = {isa = PBXFileReference; explicitFileType = wrapper.application; includeInIndex = 0; path = EuroFlight.app; sourceTree = BUILT_PRODUCTS_DIR; };
		C4FA0D751AAB9B830023FDC3 /* Info.plist */ = {isa = PBXFileReference; lastKnownFileType = text.plist.xml; path = Info.plist; sourceTree = "<group>"; };
		C4FA0D761AAB9B830023FDC3 /* main.m */ = {isa = PBXFileReference; lastKnownFileType = sourcecode.c.objc; path = main.m; sourceTree = "<group>"; };
		C4FA0D781AAB9B830023FDC3 /* AppDelegate.h */ = {isa = PBXFileReference; lastKnownFileType = sourcecode.c.h; path = AppDelegate.h; sourceTree = "<group>"; };
		C4FA0D791AAB9B830023FDC3 /* AppDelegate.m */ = {isa = PBXFileReference; lastKnownFileType = sourcecode.c.objc; path = AppDelegate.m; sourceTree = "<group>"; };
		C4FA0D811AAB9B830023FDC3 /* Images.xcassets */ = {isa = PBXFileReference; lastKnownFileType = folder.assetcatalog; path = Images.xcassets; sourceTree = "<group>"; };
		C4FA0D841AAB9B830023FDC3 /* Base */ = {isa = PBXFileReference; lastKnownFileType = file.xib; name = Base; path = Base.lproj/LaunchScreen.xib; sourceTree = "<group>"; };
		C4FA0D8A1AAB9B830023FDC3 /* EuroFlightTests.xctest */ = {isa = PBXFileReference; explicitFileType = wrapper.cfbundle; includeInIndex = 0; path = EuroFlightTests.xctest; sourceTree = BUILT_PRODUCTS_DIR; };
		C4FA0D8F1AAB9B830023FDC3 /* Info.plist */ = {isa = PBXFileReference; lastKnownFileType = text.plist.xml; path = Info.plist; sourceTree = "<group>"; };
		C4FA0D901AAB9B830023FDC3 /* EuroFlightTests.m */ = {isa = PBXFileReference; lastKnownFileType = sourcecode.c.objc; path = EuroFlightTests.m; sourceTree = "<group>"; };
		C4FA0DA01AABA5520023FDC3 /* FlightSegment.h */ = {isa = PBXFileReference; fileEncoding = 4; lastKnownFileType = sourcecode.c.h; path = FlightSegment.h; sourceTree = "<group>"; };
		C4FA0DA11AABA5520023FDC3 /* FlightSegment.m */ = {isa = PBXFileReference; fileEncoding = 4; lastKnownFileType = sourcecode.c.objc; path = FlightSegment.m; sourceTree = "<group>"; };
		C4FA0DA31AABA5B50023FDC3 /* Flight.h */ = {isa = PBXFileReference; fileEncoding = 4; lastKnownFileType = sourcecode.c.h; path = Flight.h; sourceTree = "<group>"; };
		C4FA0DA41AABA5B50023FDC3 /* Flight.m */ = {isa = PBXFileReference; fileEncoding = 4; lastKnownFileType = sourcecode.c.objc; path = Flight.m; sourceTree = "<group>"; };
		C4FA0DA61AABA6930023FDC3 /* Trip.h */ = {isa = PBXFileReference; fileEncoding = 4; lastKnownFileType = sourcecode.c.h; path = Trip.h; sourceTree = "<group>"; };
		C4FA0DA71AABA6930023FDC3 /* Trip.m */ = {isa = PBXFileReference; fileEncoding = 4; lastKnownFileType = sourcecode.c.objc; path = Trip.m; sourceTree = "<group>"; };
		C4FA0DA91AABA72F0023FDC3 /* City.h */ = {isa = PBXFileReference; fileEncoding = 4; lastKnownFileType = sourcecode.c.h; path = City.h; sourceTree = "<group>"; };
		C4FA0DAA1AABA72F0023FDC3 /* City.m */ = {isa = PBXFileReference; fileEncoding = 4; lastKnownFileType = sourcecode.c.objc; path = City.m; sourceTree = "<group>"; };
		C4FA0DAC1AABA8040023FDC3 /* Country.h */ = {isa = PBXFileReference; fileEncoding = 4; lastKnownFileType = sourcecode.c.h; path = Country.h; sourceTree = "<group>"; };
		C4FA0DAD1AABA8040023FDC3 /* Country.m */ = {isa = PBXFileReference; fileEncoding = 4; lastKnownFileType = sourcecode.c.objc; path = Country.m; sourceTree = "<group>"; };
		C4FA0DAF1AABA86A0023FDC3 /* Event.h */ = {isa = PBXFileReference; fileEncoding = 4; lastKnownFileType = sourcecode.c.h; path = Event.h; sourceTree = "<group>"; };
		C4FA0DB01AABA86A0023FDC3 /* Event.m */ = {isa = PBXFileReference; fileEncoding = 4; lastKnownFileType = sourcecode.c.objc; path = Event.m; sourceTree = "<group>"; };
		C4FA0DB31AABBA770023FDC3 /* Context.h */ = {isa = PBXFileReference; fileEncoding = 4; lastKnownFileType = sourcecode.c.h; path = Context.h; sourceTree = "<group>"; };
		C4FA0DB41AABBA770023FDC3 /* Context.m */ = {isa = PBXFileReference; fileEncoding = 4; lastKnownFileType = sourcecode.c.objc; path = Context.m; sourceTree = "<group>"; };
		C4FA0DB91AABC1C80023FDC3 /* TripClient.h */ = {isa = PBXFileReference; fileEncoding = 4; lastKnownFileType = sourcecode.c.h; path = TripClient.h; sourceTree = "<group>"; };
		C4FA0DBA1AABC1C80023FDC3 /* TripClient.m */ = {isa = PBXFileReference; fileEncoding = 4; lastKnownFileType = sourcecode.c.objc; path = TripClient.m; sourceTree = "<group>"; };
		C4FA0DBC1AABD6670023FDC3 /* HomeViewController.h */ = {isa = PBXFileReference; fileEncoding = 4; lastKnownFileType = sourcecode.c.h; path = HomeViewController.h; sourceTree = "<group>"; };
		C4FA0DBD1AABD6670023FDC3 /* HomeViewController.m */ = {isa = PBXFileReference; fileEncoding = 4; lastKnownFileType = sourcecode.c.objc; path = HomeViewController.m; sourceTree = "<group>"; };
		C4FA0DBE1AABD6670023FDC3 /* HomeViewController.xib */ = {isa = PBXFileReference; fileEncoding = 4; lastKnownFileType = file.xib; path = HomeViewController.xib; sourceTree = "<group>"; };
		C4FA0DC11AABDEF20023FDC3 /* ResultsViewController.h */ = {isa = PBXFileReference; fileEncoding = 4; lastKnownFileType = sourcecode.c.h; path = ResultsViewController.h; sourceTree = "<group>"; };
		C4FA0DC21AABDEF20023FDC3 /* ResultsViewController.m */ = {isa = PBXFileReference; fileEncoding = 4; lastKnownFileType = sourcecode.c.objc; path = ResultsViewController.m; sourceTree = "<group>"; };
		C4FA0DC31AABDEF20023FDC3 /* ResultsViewController.xib */ = {isa = PBXFileReference; fileEncoding = 4; lastKnownFileType = file.xib; path = ResultsViewController.xib; sourceTree = "<group>"; };
		C4FA0DC61AABDFC60023FDC3 /* CountryTableViewCell.h */ = {isa = PBXFileReference; fileEncoding = 4; lastKnownFileType = sourcecode.c.h; path = CountryTableViewCell.h; sourceTree = "<group>"; };
		C4FA0DC71AABDFC60023FDC3 /* CountryTableViewCell.m */ = {isa = PBXFileReference; fileEncoding = 4; lastKnownFileType = sourcecode.c.objc; path = CountryTableViewCell.m; sourceTree = "<group>"; };
		C4FA0DC81AABDFC60023FDC3 /* CountryTableViewCell.xib */ = {isa = PBXFileReference; fileEncoding = 4; lastKnownFileType = file.xib; path = CountryTableViewCell.xib; sourceTree = "<group>"; };
		C4FA0DDA1AAEB96B0023FDC3 /* AirportClient.h */ = {isa = PBXFileReference; fileEncoding = 4; lastKnownFileType = sourcecode.c.h; path = AirportClient.h; sourceTree = "<group>"; };
		C4FA0DDB1AAEB96B0023FDC3 /* AirportClient.m */ = {isa = PBXFileReference; fileEncoding = 4; lastKnownFileType = sourcecode.c.objc; path = AirportClient.m; sourceTree = "<group>"; };
		C4FA0DDD1AAEBDE00023FDC3 /* Airport.h */ = {isa = PBXFileReference; fileEncoding = 4; lastKnownFileType = sourcecode.c.h; path = Airport.h; sourceTree = "<group>"; };
		C4FA0DDE1AAEBDE00023FDC3 /* Airport.m */ = {isa = PBXFileReference; fileEncoding = 4; lastKnownFileType = sourcecode.c.objc; path = Airport.m; sourceTree = "<group>"; };
		C4FA0DE01AAEC2CD0023FDC3 /* AirportSearchResultsControllerViewController.h */ = {isa = PBXFileReference; fileEncoding = 4; lastKnownFileType = sourcecode.c.h; path = AirportSearchResultsControllerViewController.h; sourceTree = "<group>"; };
		C4FA0DE11AAEC2CD0023FDC3 /* AirportSearchResultsControllerViewController.m */ = {isa = PBXFileReference; fileEncoding = 4; lastKnownFileType = sourcecode.c.objc; path = AirportSearchResultsControllerViewController.m; sourceTree = "<group>"; };
		C4FA0DE21AAEC2CD0023FDC3 /* AirportSearchResultsControllerViewController.xib */ = {isa = PBXFileReference; fileEncoding = 4; lastKnownFileType = file.xib; path = AirportSearchResultsControllerViewController.xib; sourceTree = "<group>"; };
		C4FA0DE51AAEC5B20023FDC3 /* AirportTableViewCell.h */ = {isa = PBXFileReference; fileEncoding = 4; lastKnownFileType = sourcecode.c.h; path = AirportTableViewCell.h; sourceTree = "<group>"; };
		C4FA0DE61AAEC5B20023FDC3 /* AirportTableViewCell.m */ = {isa = PBXFileReference; fileEncoding = 4; lastKnownFileType = sourcecode.c.objc; path = AirportTableViewCell.m; sourceTree = "<group>"; };
		C4FA0DE71AAEC5B20023FDC3 /* AirportTableViewCell.xib */ = {isa = PBXFileReference; fileEncoding = 4; lastKnownFileType = file.xib; path = AirportTableViewCell.xib; sourceTree = "<group>"; };
		EB08A4041AAC3948001C2AA3 /* OneWayFlightDetailView.h */ = {isa = PBXFileReference; fileEncoding = 4; lastKnownFileType = sourcecode.c.h; path = OneWayFlightDetailView.h; sourceTree = "<group>"; };
		EB08A4051AAC3948001C2AA3 /* OneWayFlightDetailView.m */ = {isa = PBXFileReference; fileEncoding = 4; lastKnownFileType = sourcecode.c.objc; path = OneWayFlightDetailView.m; sourceTree = "<group>"; };
		EB08A40B1AAD349C001C2AA3 /* NameMappingHelper.h */ = {isa = PBXFileReference; fileEncoding = 4; lastKnownFileType = sourcecode.c.h; path = NameMappingHelper.h; sourceTree = "<group>"; };
		EB08A40C1AAD349C001C2AA3 /* NameMappingHelper.m */ = {isa = PBXFileReference; fileEncoding = 4; lastKnownFileType = sourcecode.c.objc; path = NameMappingHelper.m; sourceTree = "<group>"; };
		EB3EF1311AAC38B60008FF9E /* OneWayFlightDetailView.xib */ = {isa = PBXFileReference; fileEncoding = 4; lastKnownFileType = file.xib; path = OneWayFlightDetailView.xib; sourceTree = "<group>"; };
		EB42F4D91ABF82500004A9B8 /* BaseTransition.h */ = {isa = PBXFileReference; fileEncoding = 4; lastKnownFileType = sourcecode.c.h; path = BaseTransition.h; sourceTree = "<group>"; };
		EB42F4DA1ABF82500004A9B8 /* BaseTransition.m */ = {isa = PBXFileReference; fileEncoding = 4; lastKnownFileType = sourcecode.c.objc; path = BaseTransition.m; sourceTree = "<group>"; };
		EB42F4DC1ABF899A0004A9B8 /* ZoomTransition.h */ = {isa = PBXFileReference; fileEncoding = 4; lastKnownFileType = sourcecode.c.h; path = ZoomTransition.h; sourceTree = "<group>"; };
		EB42F4DD1ABF899A0004A9B8 /* ZoomTransition.m */ = {isa = PBXFileReference; fileEncoding = 4; lastKnownFileType = sourcecode.c.objc; path = ZoomTransition.m; sourceTree = "<group>"; };
		EB42F4DF1ABF8A050004A9B8 /* BaseTransitionPrivate.h */ = {isa = PBXFileReference; lastKnownFileType = sourcecode.c.h; path = BaseTransitionPrivate.h; sourceTree = "<group>"; };
		EB42F51C1AC284570004A9B8 /* FlightDetailsTransition.h */ = {isa = PBXFileReference; fileEncoding = 4; lastKnownFileType = sourcecode.c.h; path = FlightDetailsTransition.h; sourceTree = "<group>"; };
		EB42F51D1AC284570004A9B8 /* FlightDetailsTransition.m */ = {isa = PBXFileReference; fileEncoding = 4; lastKnownFileType = sourcecode.c.objc; path = FlightDetailsTransition.m; sourceTree = "<group>"; };
		EB42F51F1AC293100004A9B8 /* NavigationControllerDelegate.h */ = {isa = PBXFileReference; fileEncoding = 4; lastKnownFileType = sourcecode.c.h; path = NavigationControllerDelegate.h; sourceTree = "<group>"; };
		EB42F5201AC293100004A9B8 /* NavigationControllerDelegate.m */ = {isa = PBXFileReference; fileEncoding = 4; lastKnownFileType = sourcecode.c.objc; path = NavigationControllerDelegate.m; sourceTree = "<group>"; };
		EB42F5251AC2B5CA0004A9B8 /* SkyscannerClient.h */ = {isa = PBXFileReference; fileEncoding = 4; lastKnownFileType = sourcecode.c.h; path = SkyscannerClient.h; sourceTree = "<group>"; };
		EB42F5261AC2B5CA0004A9B8 /* SkyscannerClient.m */ = {isa = PBXFileReference; fileEncoding = 4; lastKnownFileType = sourcecode.c.objc; path = SkyscannerClient.m; sourceTree = "<group>"; };
		EB72B2271AAEDE47004503D1 /* FavoritesViewController.h */ = {isa = PBXFileReference; fileEncoding = 4; lastKnownFileType = sourcecode.c.h; path = FavoritesViewController.h; sourceTree = "<group>"; };
		EB72B2281AAEDE47004503D1 /* FavoritesViewController.m */ = {isa = PBXFileReference; fileEncoding = 4; lastKnownFileType = sourcecode.c.objc; path = FavoritesViewController.m; sourceTree = "<group>"; };
		EB72B2291AAEDE47004503D1 /* FavoritesViewController.xib */ = {isa = PBXFileReference; fileEncoding = 4; lastKnownFileType = file.xib; path = FavoritesViewController.xib; sourceTree = "<group>"; };
		EB72B2541AB032D7004503D1 /* CurrencyFormatter.h */ = {isa = PBXFileReference; fileEncoding = 4; lastKnownFileType = sourcecode.c.h; path = CurrencyFormatter.h; sourceTree = "<group>"; };
		EB72B2551AB032D7004503D1 /* CurrencyFormatter.m */ = {isa = PBXFileReference; fileEncoding = 4; lastKnownFileType = sourcecode.c.objc; path = CurrencyFormatter.m; sourceTree = "<group>"; };
		EB72B2571AB03CCA004503D1 /* WebKit.framework */ = {isa = PBXFileReference; lastKnownFileType = wrapper.framework; name = WebKit.framework; path = System/Library/Frameworks/WebKit.framework; sourceTree = SDKROOT; };
		EB72B2591AB04468004503D1 /* BuyFlightViewController.h */ = {isa = PBXFileReference; fileEncoding = 4; lastKnownFileType = sourcecode.c.h; path = BuyFlightViewController.h; sourceTree = "<group>"; };
		EB72B25A1AB04468004503D1 /* BuyFlightViewController.m */ = {isa = PBXFileReference; fileEncoding = 4; lastKnownFileType = sourcecode.c.objc; path = BuyFlightViewController.m; sourceTree = "<group>"; };
		EB72B25B1AB04468004503D1 /* BuyFlightViewController.xib */ = {isa = PBXFileReference; fileEncoding = 4; lastKnownFileType = file.xib; path = BuyFlightViewController.xib; sourceTree = "<group>"; };
		EB72B2651AB3F327004503D1 /* OneWayFlightResultView.xib */ = {isa = PBXFileReference; fileEncoding = 4; lastKnownFileType = file.xib; path = OneWayFlightResultView.xib; sourceTree = "<group>"; };
		EB72B2671AB3F655004503D1 /* OneWayFlightResultView.h */ = {isa = PBXFileReference; fileEncoding = 4; lastKnownFileType = sourcecode.c.h; path = OneWayFlightResultView.h; sourceTree = "<group>"; };
		EB72B2681AB3F655004503D1 /* OneWayFlightResultView.m */ = {isa = PBXFileReference; fileEncoding = 4; lastKnownFileType = sourcecode.c.objc; path = OneWayFlightResultView.m; sourceTree = "<group>"; };
		EB735C181AB819EE00386362 /* TriangleView.h */ = {isa = PBXFileReference; fileEncoding = 4; lastKnownFileType = sourcecode.c.h; path = TriangleView.h; sourceTree = "<group>"; };
		EB735C191AB819EE00386362 /* TriangleView.m */ = {isa = PBXFileReference; fileEncoding = 4; lastKnownFileType = sourcecode.c.objc; path = TriangleView.m; sourceTree = "<group>"; };
		EB735C211AB9412B00386362 /* FavoritesResultCell.h */ = {isa = PBXFileReference; fileEncoding = 4; lastKnownFileType = sourcecode.c.h; path = FavoritesResultCell.h; sourceTree = "<group>"; };
		EB735C221AB9412B00386362 /* FavoritesResultCell.m */ = {isa = PBXFileReference; fileEncoding = 4; lastKnownFileType = sourcecode.c.objc; path = FavoritesResultCell.m; sourceTree = "<group>"; };
		EB735C231AB9412B00386362 /* FavoritesResultCell.xib */ = {isa = PBXFileReference; fileEncoding = 4; lastKnownFileType = file.xib; path = FavoritesResultCell.xib; sourceTree = "<group>"; };
		EB7665D81ABF3E600094D6C3 /* PlaneLoadingView.h */ = {isa = PBXFileReference; fileEncoding = 4; lastKnownFileType = sourcecode.c.h; path = PlaneLoadingView.h; sourceTree = "<group>"; };
		EB7665D91ABF3E600094D6C3 /* PlaneLoadingView.m */ = {isa = PBXFileReference; fileEncoding = 4; lastKnownFileType = sourcecode.c.objc; path = PlaneLoadingView.m; sourceTree = "<group>"; };
		EB7A408A1AC602FF00F13379 /* AMS.txt */ = {isa = PBXFileReference; fileEncoding = 4; lastKnownFileType = text; path = AMS.txt; sourceTree = "<group>"; };
		EB7A408B1AC602FF00F13379 /* ARN.txt */ = {isa = PBXFileReference; fileEncoding = 4; lastKnownFileType = text; path = ARN.txt; sourceTree = "<group>"; };
		EB7A408C1AC602FF00F13379 /* ATH.txt */ = {isa = PBXFileReference; fileEncoding = 4; lastKnownFileType = text; path = ATH.txt; sourceTree = "<group>"; };
		EB7A408D1AC602FF00F13379 /* BCN.txt */ = {isa = PBXFileReference; fileEncoding = 4; lastKnownFileType = text; path = BCN.txt; sourceTree = "<group>"; };
		EB7A408E1AC602FF00F13379 /* BEG.txt */ = {isa = PBXFileReference; fileEncoding = 4; lastKnownFileType = text; path = BEG.txt; sourceTree = "<group>"; };
		EB7A408F1AC602FF00F13379 /* BRU.txt */ = {isa = PBXFileReference; fileEncoding = 4; lastKnownFileType = text; path = BRU.txt; sourceTree = "<group>"; };
		EB7A40901AC602FF00F13379 /* BUD.txt */ = {isa = PBXFileReference; fileEncoding = 4; lastKnownFileType = text; path = BUD.txt; sourceTree = "<group>"; };
		EB7A40911AC602FF00F13379 /* CDG.txt */ = {isa = PBXFileReference; fileEncoding = 4; lastKnownFileType = text; path = CDG.txt; sourceTree = "<group>"; };
		EB7A40921AC602FF00F13379 /* DME.txt */ = {isa = PBXFileReference; fileEncoding = 4; lastKnownFileType = text; path = DME.txt; sourceTree = "<group>"; };
		EB7A40931AC602FF00F13379 /* DUB.txt */ = {isa = PBXFileReference; fileEncoding = 4; lastKnownFileType = text; path = DUB.txt; sourceTree = "<group>"; };
		EB7A40941AC602FF00F13379 /* EDI.txt */ = {isa = PBXFileReference; fileEncoding = 4; lastKnownFileType = text; path = EDI.txt; sourceTree = "<group>"; };
		EB7A40951AC602FF00F13379 /* FCO.txt */ = {isa = PBXFileReference; fileEncoding = 4; lastKnownFileType = text; path = FCO.txt; sourceTree = "<group>"; };
		EB7A40961AC602FF00F13379 /* FLR.txt */ = {isa = PBXFileReference; fileEncoding = 4; lastKnownFileType = text; path = FLR.txt; sourceTree = "<group>"; };
		EB7A40971AC602FF00F13379 /* FRA.txt */ = {isa = PBXFileReference; fileEncoding = 4; lastKnownFileType = text; path = FRA.txt; sourceTree = "<group>"; };
		EB7A40981AC602FF00F13379 /* GDN.txt */ = {isa = PBXFileReference; fileEncoding = 4; lastKnownFileType = text; path = GDN.txt; sourceTree = "<group>"; };
		EB7A40991AC602FF00F13379 /* GVA.txt */ = {isa = PBXFileReference; fileEncoding = 4; lastKnownFileType = text; path = GVA.txt; sourceTree = "<group>"; };
		EB7A409A1AC602FF00F13379 /* IBZ.txt */ = {isa = PBXFileReference; fileEncoding = 4; lastKnownFileType = text; path = IBZ.txt; sourceTree = "<group>"; };
		EB7A409B1AC602FF00F13379 /* IST.txt */ = {isa = PBXFileReference; fileEncoding = 4; lastKnownFileType = text; path = IST.txt; sourceTree = "<group>"; };
		EB7A409C1AC602FF00F13379 /* KEF.txt */ = {isa = PBXFileReference; fileEncoding = 4; lastKnownFileType = text; path = KEF.txt; sourceTree = "<group>"; };
		EB7A409D1AC602FF00F13379 /* KRK.txt */ = {isa = PBXFileReference; fileEncoding = 4; lastKnownFileType = text; path = KRK.txt; sourceTree = "<group>"; };
		EB7A409E1AC602FF00F13379 /* LED.txt */ = {isa = PBXFileReference; fileEncoding = 4; lastKnownFileType = text; path = LED.txt; sourceTree = "<group>"; };
		EB7A409F1AC602FF00F13379 /* LEJ.txt */ = {isa = PBXFileReference; fileEncoding = 4; lastKnownFileType = text; path = LEJ.txt; sourceTree = "<group>"; };
		EB7A40A01AC602FF00F13379 /* LIS.txt */ = {isa = PBXFileReference; fileEncoding = 4; lastKnownFileType = text; path = LIS.txt; sourceTree = "<group>"; };
		EB7A40A11AC602FF00F13379 /* LYS.txt */ = {isa = PBXFileReference; fileEncoding = 4; lastKnownFileType = text; path = LYS.txt; sourceTree = "<group>"; };
		EB7A40A21AC602FF00F13379 /* MAD.txt */ = {isa = PBXFileReference; fileEncoding = 4; lastKnownFileType = text; path = MAD.txt; sourceTree = "<group>"; };
		EB7A40A31AC602FF00F13379 /* MUC.txt */ = {isa = PBXFileReference; fileEncoding = 4; lastKnownFileType = text; path = MUC.txt; sourceTree = "<group>"; };
		EB7A40A41AC602FF00F13379 /* MXP.txt */ = {isa = PBXFileReference; fileEncoding = 4; lastKnownFileType = text; path = MXP.txt; sourceTree = "<group>"; };
		EB7A40A51AC602FF00F13379 /* NCE.txt */ = {isa = PBXFileReference; fileEncoding = 4; lastKnownFileType = text; path = NCE.txt; sourceTree = "<group>"; };
		EB7A40A61AC602FF00F13379 /* OPO.txt */ = {isa = PBXFileReference; fileEncoding = 4; lastKnownFileType = text; path = OPO.txt; sourceTree = "<group>"; };
		EB7A40A71AC602FF00F13379 /* ORY.txt */ = {isa = PBXFileReference; fileEncoding = 4; lastKnownFileType = text; path = ORY.txt; sourceTree = "<group>"; };
		EB7A40A81AC602FF00F13379 /* OSL.txt */ = {isa = PBXFileReference; fileEncoding = 4; lastKnownFileType = text; path = OSL.txt; sourceTree = "<group>"; };
		EB7A40A91AC602FF00F13379 /* POZ.txt */ = {isa = PBXFileReference; fileEncoding = 4; lastKnownFileType = text; path = POZ.txt; sourceTree = "<group>"; };
		EB7A40AA1AC602FF00F13379 /* PRG.txt */ = {isa = PBXFileReference; fileEncoding = 4; lastKnownFileType = text; path = PRG.txt; sourceTree = "<group>"; };
		EB7A40AB1AC602FF00F13379 /* PSA.txt */ = {isa = PBXFileReference; fileEncoding = 4; lastKnownFileType = text; path = PSA.txt; sourceTree = "<group>"; };
		EB7A40AC1AC602FF00F13379 /* SXF.txt */ = {isa = PBXFileReference; fileEncoding = 4; lastKnownFileType = text; path = SXF.txt; sourceTree = "<group>"; };
		EB7A40AD1AC602FF00F13379 /* SZG.txt */ = {isa = PBXFileReference; fileEncoding = 4; lastKnownFileType = text; path = SZG.txt; sourceTree = "<group>"; };
		EB7A40AE1AC602FF00F13379 /* TRN.txt */ = {isa = PBXFileReference; fileEncoding = 4; lastKnownFileType = text; path = TRN.txt; sourceTree = "<group>"; };
		EB7A40AF1AC602FF00F13379 /* TXL.txt */ = {isa = PBXFileReference; fileEncoding = 4; lastKnownFileType = text; path = TXL.txt; sourceTree = "<group>"; };
		EB7A40B01AC602FF00F13379 /* VCE.txt */ = {isa = PBXFileReference; fileEncoding = 4; lastKnownFileType = text; path = VCE.txt; sourceTree = "<group>"; };
		EB7A40B11AC602FF00F13379 /* VIE.txt */ = {isa = PBXFileReference; fileEncoding = 4; lastKnownFileType = text; path = VIE.txt; sourceTree = "<group>"; };
		EB7A40B21AC602FF00F13379 /* VLC.txt */ = {isa = PBXFileReference; fileEncoding = 4; lastKnownFileType = text; path = VLC.txt; sourceTree = "<group>"; };
		EB7A40B31AC602FF00F13379 /* WAW.txt */ = {isa = PBXFileReference; fileEncoding = 4; lastKnownFileType = text; path = WAW.txt; sourceTree = "<group>"; };
		EB7A40B41AC602FF00F13379 /* ZRH.txt */ = {isa = PBXFileReference; fileEncoding = 4; lastKnownFileType = text; path = ZRH.txt; sourceTree = "<group>"; };
		EB91F1BD1AB6C573000A815F /* GoogleSearchClient.h */ = {isa = PBXFileReference; fileEncoding = 4; lastKnownFileType = sourcecode.c.h; path = GoogleSearchClient.h; sourceTree = "<group>"; };
		EB91F1BE1AB6C573000A815F /* GoogleSearchClient.m */ = {isa = PBXFileReference; fileEncoding = 4; lastKnownFileType = sourcecode.c.objc; path = GoogleSearchClient.m; sourceTree = "<group>"; };
		EBA521141AABF3290081E88A /* FlightResultsViewController.h */ = {isa = PBXFileReference; fileEncoding = 4; lastKnownFileType = sourcecode.c.h; path = FlightResultsViewController.h; sourceTree = "<group>"; };
		EBA521151AABF3290081E88A /* FlightResultsViewController.m */ = {isa = PBXFileReference; fileEncoding = 4; lastKnownFileType = sourcecode.c.objc; path = FlightResultsViewController.m; sourceTree = "<group>"; };
		EBA521161AABF3290081E88A /* FlightResultsViewController.xib */ = {isa = PBXFileReference; fileEncoding = 4; lastKnownFileType = file.xib; path = FlightResultsViewController.xib; sourceTree = "<group>"; };
		EBA521191AABF4B80081E88A /* FlightResultCell.h */ = {isa = PBXFileReference; fileEncoding = 4; lastKnownFileType = sourcecode.c.h; path = FlightResultCell.h; sourceTree = "<group>"; };
		EBA5211A1AABF4B80081E88A /* FlightResultCell.m */ = {isa = PBXFileReference; fileEncoding = 4; lastKnownFileType = sourcecode.c.objc; path = FlightResultCell.m; sourceTree = "<group>"; };
		EBA5211B1AABF4B80081E88A /* FlightResultCell.xib */ = {isa = PBXFileReference; fileEncoding = 4; lastKnownFileType = file.xib; path = FlightResultCell.xib; sourceTree = "<group>"; };
		EBA5211E1AABFFE60081E88A /* FlightDetailViewController.h */ = {isa = PBXFileReference; fileEncoding = 4; lastKnownFileType = sourcecode.c.h; path = FlightDetailViewController.h; sourceTree = "<group>"; };
		EBA5211F1AABFFE60081E88A /* FlightDetailViewController.m */ = {isa = PBXFileReference; fileEncoding = 4; lastKnownFileType = sourcecode.c.objc; path = FlightDetailViewController.m; sourceTree = "<group>"; };
		EBA521201AABFFE60081E88A /* FlightDetailViewController.xib */ = {isa = PBXFileReference; fileEncoding = 4; lastKnownFileType = file.xib; path = FlightDetailViewController.xib; sourceTree = "<group>"; };
		EBA7FA881AB56CA100760622 /* FlightResultGroupCell.h */ = {isa = PBXFileReference; fileEncoding = 4; lastKnownFileType = sourcecode.c.h; path = FlightResultGroupCell.h; sourceTree = "<group>"; };
		EBA7FA891AB56CA100760622 /* FlightResultGroupCell.m */ = {isa = PBXFileReference; fileEncoding = 4; lastKnownFileType = sourcecode.c.objc; path = FlightResultGroupCell.m; sourceTree = "<group>"; };
		EBA7FA8A1AB56CA100760622 /* FlightResultGroupCell.xib */ = {isa = PBXFileReference; fileEncoding = 4; lastKnownFileType = file.xib; path = FlightResultGroupCell.xib; sourceTree = "<group>"; };
		EBA7FA961AB6538000760622 /* SegmentDetailCell.h */ = {isa = PBXFileReference; fileEncoding = 4; lastKnownFileType = sourcecode.c.h; path = SegmentDetailCell.h; sourceTree = "<group>"; };
		EBA7FA971AB6538000760622 /* SegmentDetailCell.m */ = {isa = PBXFileReference; fileEncoding = 4; lastKnownFileType = sourcecode.c.objc; path = SegmentDetailCell.m; sourceTree = "<group>"; };
		EBA7FA981AB6538000760622 /* SegmentDetailCell.xib */ = {isa = PBXFileReference; fileEncoding = 4; lastKnownFileType = file.xib; path = SegmentDetailCell.xib; sourceTree = "<group>"; };
		EBA7FA9B1AB6539600760622 /* LayoverDetailCell.h */ = {isa = PBXFileReference; fileEncoding = 4; lastKnownFileType = sourcecode.c.h; path = LayoverDetailCell.h; sourceTree = "<group>"; };
		EBA7FA9C1AB6539600760622 /* LayoverDetailCell.m */ = {isa = PBXFileReference; fileEncoding = 4; lastKnownFileType = sourcecode.c.objc; path = LayoverDetailCell.m; sourceTree = "<group>"; };
		EBA7FA9D1AB6539600760622 /* LayoverDetailCell.xib */ = {isa = PBXFileReference; fileEncoding = 4; lastKnownFileType = file.xib; path = LayoverDetailCell.xib; sourceTree = "<group>"; };
		EBA7FAA01AB6639900760622 /* FlightDetailSectionHeaderView.xib */ = {isa = PBXFileReference; fileEncoding = 4; lastKnownFileType = file.xib; path = FlightDetailSectionHeaderView.xib; sourceTree = "<group>"; };
		EBA7FAA21AB6656100760622 /* FlightDetailSectionHeaderView.h */ = {isa = PBXFileReference; fileEncoding = 4; lastKnownFileType = sourcecode.c.h; path = FlightDetailSectionHeaderView.h; sourceTree = "<group>"; };
		EBA7FAA31AB6656100760622 /* FlightDetailSectionHeaderView.m */ = {isa = PBXFileReference; fileEncoding = 4; lastKnownFileType = sourcecode.c.objc; path = FlightDetailSectionHeaderView.m; sourceTree = "<group>"; };
		EBDB6BE81AAEBA8200F24818 /* FavoritesManager.h */ = {isa = PBXFileReference; fileEncoding = 4; lastKnownFileType = sourcecode.c.h; path = FavoritesManager.h; sourceTree = "<group>"; };
		EBDB6BE91AAEBA8200F24818 /* FavoritesManager.m */ = {isa = PBXFileReference; fileEncoding = 4; lastKnownFileType = sourcecode.c.objc; path = FavoritesManager.m; sourceTree = "<group>"; };
/* End PBXFileReference section */

/* Begin PBXFrameworksBuildPhase section */
		C4FA0D6E1AAB9B830023FDC3 /* Frameworks */ = {
			isa = PBXFrameworksBuildPhase;
			buildActionMask = 2147483647;
			files = (
				C43028071AB4DD7700DA2B18 /* CoreLocation.framework in Frameworks */,
				EB72B2581AB03CCA004503D1 /* WebKit.framework in Frameworks */,
				B84314A94BA67928B7206B9D /* libPods.a in Frameworks */,
			);
			runOnlyForDeploymentPostprocessing = 0;
		};
		C4FA0D871AAB9B830023FDC3 /* Frameworks */ = {
			isa = PBXFrameworksBuildPhase;
			buildActionMask = 2147483647;
			files = (
			);
			runOnlyForDeploymentPostprocessing = 0;
		};
/* End PBXFrameworksBuildPhase section */

/* Begin PBXGroup section */
		116185A61ABE1B73006275B7 /* CityDetailsViewController Cells */ = {
			isa = PBXGroup;
			children = (
				117F87C01AAFF40900C1E24C /* PlaceCollectionViewCell.h */,
				117F87C11AAFF40900C1E24C /* PlaceCollectionViewCell.m */,
				117F87C21AAFF40900C1E24C /* PlaceCollectionViewCell.xib */,
				113E2AB21AB925FA00DAAFA3 /* EventCell.h */,
				113E2AB31AB925FA00DAAFA3 /* EventCell.m */,
				113E2AB41AB925FA00DAAFA3 /* EventCell.xib */,
				117F3FF91AB94F9C00D2D5A3 /* PlaceCollectionCell.h */,
				117F3FFA1AB94F9C00D2D5A3 /* PlaceCollectionCell.m */,
				117F3FFB1AB94F9C00D2D5A3 /* PlaceCollectionCell.xib */,
				113E2AA81AB923C400DAAFA3 /* DescriptionCell.h */,
				113E2AA91AB923C400DAAFA3 /* DescriptionCell.m */,
				113E2AAA1AB923C400DAAFA3 /* DescriptionCell.xib */,
			);
			name = "CityDetailsViewController Cells";
			sourceTree = "<group>";
		};
		AA784F5A2B8CBA29111699DF /* Frameworks */ = {
			isa = PBXGroup;
			children = (
				C43028061AB4DD7600DA2B18 /* CoreLocation.framework */,
				EB72B2571AB03CCA004503D1 /* WebKit.framework */,
				10F116A637F1BF91C4CE37A3 /* libPods.a */,
			);
			name = Frameworks;
			sourceTree = "<group>";
		};
		B24155D4DA48DA648828165D /* Pods */ = {
			isa = PBXGroup;
			children = (
				22C6EE4FA5C1D6C4ABDB0D26 /* Pods.debug.xcconfig */,
				3AB1657D6FAF216320BCD98D /* Pods.release.xcconfig */,
			);
			name = Pods;
			sourceTree = "<group>";
		};
		C430280B1AB507CE00DA2B18 /* HomeViewController Cells */ = {
			isa = PBXGroup;
			children = (
				C430280C1AB507FA00DA2B18 /* DepartureCityCell.h */,
				C430280D1AB507FA00DA2B18 /* DepartureCityCell.m */,
				C430280E1AB507FA00DA2B18 /* DepartureCityCell.xib */,
				C43028111AB50B9F00DA2B18 /* DateSelectionCell.h */,
				C43028121AB50B9F00DA2B18 /* DateSelectionCell.m */,
				C43028131AB50B9F00DA2B18 /* DateSelectionCell.xib */,
				C43028201AB51F0400DA2B18 /* OneWayRoundTripCell.h */,
				C43028211AB51F0400DA2B18 /* OneWayRoundTripCell.m */,
				C43028221AB51F0400DA2B18 /* OneWayRoundTripCell.xib */,
			);
			name = "HomeViewController Cells";
			sourceTree = "<group>";
		};
		C43028251AB53FAE00DA2B18 /* Categories */ = {
			isa = PBXGroup;
			children = (
				C43028261AB53FBC00DA2B18 /* UIImage+Util.h */,
				C43028271AB53FBC00DA2B18 /* UIImage+Util.m */,
			);
			name = Categories;
			sourceTree = "<group>";
		};
		C43028291AB67D2300DA2B18 /* ResultViewController Cells */ = {
			isa = PBXGroup;
			children = (
				C4FA0DC61AABDFC60023FDC3 /* CountryTableViewCell.h */,
				C4FA0DC71AABDFC60023FDC3 /* CountryTableViewCell.m */,
				C4FA0DC81AABDFC60023FDC3 /* CountryTableViewCell.xib */,
				C43028311AB7F91200DA2B18 /* CityCustomMiniView.h */,
				C43028321AB7F91200DA2B18 /* CityCustomMiniView.m */,
				C430282F1AB7F89900DA2B18 /* CityCustomMiniView.xib */,
			);
			name = "ResultViewController Cells";
			sourceTree = "<group>";
		};
		C4FA0D681AAB9B820023FDC3 = {
			isa = PBXGroup;
			children = (
				C4FA0D731AAB9B830023FDC3 /* EuroFlight */,
				C4FA0D8D1AAB9B830023FDC3 /* EuroFlightTests */,
				C4FA0D721AAB9B830023FDC3 /* Products */,
				B24155D4DA48DA648828165D /* Pods */,
				AA784F5A2B8CBA29111699DF /* Frameworks */,
			);
			sourceTree = "<group>";
		};
		C4FA0D721AAB9B830023FDC3 /* Products */ = {
			isa = PBXGroup;
			children = (
				C4FA0D711AAB9B830023FDC3 /* EuroFlight.app */,
				C4FA0D8A1AAB9B830023FDC3 /* EuroFlightTests.xctest */,
			);
			name = Products;
			sourceTree = "<group>";
		};
		C4FA0D731AAB9B830023FDC3 /* EuroFlight */ = {
			isa = PBXGroup;
			children = (
				C43028251AB53FAE00DA2B18 /* Categories */,
				EB08A4071AAD335A001C2AA3 /* Helpers */,
				C4FA0DB21AABAAFE0023FDC3 /* API */,
				C4FA0D9C1AAB9BA50023FDC3 /* View Controllers */,
				C4FA0D9B1AAB9B9E0023FDC3 /* Views */,
				C4FA0D9A1AAB9B960023FDC3 /* Models */,
				C4FA0D781AAB9B830023FDC3 /* AppDelegate.h */,
				C4FA0D791AAB9B830023FDC3 /* AppDelegate.m */,
				C4FA0D811AAB9B830023FDC3 /* Images.xcassets */,
				C4FA0D831AAB9B830023FDC3 /* LaunchScreen.xib */,
				C4FA0D741AAB9B830023FDC3 /* Supporting Files */,
			);
			path = EuroFlight;
			sourceTree = "<group>";
		};
		C4FA0D741AAB9B830023FDC3 /* Supporting Files */ = {
			isa = PBXGroup;
			children = (
				C4FA0D751AAB9B830023FDC3 /* Info.plist */,
				C4FA0D761AAB9B830023FDC3 /* main.m */,
				EBA5210D1AABE2800081E88A /* Sample Flight Data */,
			);
			name = "Supporting Files";
			sourceTree = "<group>";
		};
		C4FA0D8D1AAB9B830023FDC3 /* EuroFlightTests */ = {
			isa = PBXGroup;
			children = (
				C4FA0D901AAB9B830023FDC3 /* EuroFlightTests.m */,
				C4FA0D8E1AAB9B830023FDC3 /* Supporting Files */,
			);
			path = EuroFlightTests;
			sourceTree = "<group>";
		};
		C4FA0D8E1AAB9B830023FDC3 /* Supporting Files */ = {
			isa = PBXGroup;
			children = (
				C4FA0D8F1AAB9B830023FDC3 /* Info.plist */,
			);
			name = "Supporting Files";
			sourceTree = "<group>";
		};
		C4FA0D9A1AAB9B960023FDC3 /* Models */ = {
			isa = PBXGroup;
			children = (
				11873B031AABF6340050D5DA /* Place.h */,
				11873B041AABF6340050D5DA /* Place.m */,
				C4FA0DA01AABA5520023FDC3 /* FlightSegment.h */,
				C4FA0DA11AABA5520023FDC3 /* FlightSegment.m */,
				C4FA0DA31AABA5B50023FDC3 /* Flight.h */,
				C4FA0DA41AABA5B50023FDC3 /* Flight.m */,
				C4FA0DA61AABA6930023FDC3 /* Trip.h */,
				C4FA0DA71AABA6930023FDC3 /* Trip.m */,
				C4FA0DA91AABA72F0023FDC3 /* City.h */,
				C4FA0DAA1AABA72F0023FDC3 /* City.m */,
				C4FA0DAC1AABA8040023FDC3 /* Country.h */,
				C4FA0DAD1AABA8040023FDC3 /* Country.m */,
				C4FA0DAF1AABA86A0023FDC3 /* Event.h */,
				C4FA0DB01AABA86A0023FDC3 /* Event.m */,
				C4FA0DB31AABBA770023FDC3 /* Context.h */,
				C4FA0DB41AABBA770023FDC3 /* Context.m */,
				C4FA0DDD1AAEBDE00023FDC3 /* Airport.h */,
				C4FA0DDE1AAEBDE00023FDC3 /* Airport.m */,
			);
			name = Models;
			sourceTree = "<group>";
		};
		C4FA0D9B1AAB9B9E0023FDC3 /* Views */ = {
			isa = PBXGroup;
			children = (
				116185A61ABE1B73006275B7 /* CityDetailsViewController Cells */,
				C430280B1AB507CE00DA2B18 /* HomeViewController Cells */,
				C43028291AB67D2300DA2B18 /* ResultViewController Cells */,
				EB19EE121AB97C91008258C1 /* FlightResultsViewController Cells */,
				EB19EE131AB97CBB008258C1 /* FlightDetailViewController Cells */,
				C4FA0DE51AAEC5B20023FDC3 /* AirportTableViewCell.h */,
				C4FA0DE61AAEC5B20023FDC3 /* AirportTableViewCell.m */,
				C4FA0DE71AAEC5B20023FDC3 /* AirportTableViewCell.xib */,
				EB735C211AB9412B00386362 /* FavoritesResultCell.h */,
				EB735C221AB9412B00386362 /* FavoritesResultCell.m */,
				EB735C231AB9412B00386362 /* FavoritesResultCell.xib */,
				116185AC1ABE3C9B006275B7 /* PlacesScrollCustomView.h */,
				116185AD1ABE3C9B006275B7 /* PlacesScrollCustomView.m */,
				116185AF1ABE3CB3006275B7 /* PlacesScrollCustomView.xib */,
				EB7665D81ABF3E600094D6C3 /* PlaneLoadingView.h */,
				EB7665D91ABF3E600094D6C3 /* PlaneLoadingView.m */,
			);
			name = Views;
			sourceTree = "<group>";
		};
		C4FA0D9C1AAB9BA50023FDC3 /* View Controllers */ = {
			isa = PBXGroup;
			children = (
				C4FA0DBC1AABD6670023FDC3 /* HomeViewController.h */,
				C4FA0DBD1AABD6670023FDC3 /* HomeViewController.m */,
				C4FA0DBE1AABD6670023FDC3 /* HomeViewController.xib */,
				C4FA0DC11AABDEF20023FDC3 /* ResultsViewController.h */,
				C4FA0DC21AABDEF20023FDC3 /* ResultsViewController.m */,
				C4FA0DC31AABDEF20023FDC3 /* ResultsViewController.xib */,
				EBA521141AABF3290081E88A /* FlightResultsViewController.h */,
				EBA521151AABF3290081E88A /* FlightResultsViewController.m */,
				EBA521161AABF3290081E88A /* FlightResultsViewController.xib */,
				EBA5211E1AABFFE60081E88A /* FlightDetailViewController.h */,
				EBA5211F1AABFFE60081E88A /* FlightDetailViewController.m */,
				EBA521201AABFFE60081E88A /* FlightDetailViewController.xib */,
				11873B091AABF9FD0050D5DA /* CityDetailsViewController.h */,
				11873B0A1AABF9FD0050D5DA /* CityDetailsViewController.m */,
				11873B0B1AABF9FD0050D5DA /* CityDetailsViewController.xib */,
				11873B191AAD7D990050D5DA /* EventDetailViewController.h */,
				11873B1A1AAD7D990050D5DA /* EventDetailViewController.m */,
				11873B1B1AAD7D990050D5DA /* EventDetailViewController.xib */,
				EB72B2271AAEDE47004503D1 /* FavoritesViewController.h */,
				EB72B2281AAEDE47004503D1 /* FavoritesViewController.m */,
				EB72B2291AAEDE47004503D1 /* FavoritesViewController.xib */,
				C4FA0DE01AAEC2CD0023FDC3 /* AirportSearchResultsControllerViewController.h */,
				C4FA0DE11AAEC2CD0023FDC3 /* AirportSearchResultsControllerViewController.m */,
				C4FA0DE21AAEC2CD0023FDC3 /* AirportSearchResultsControllerViewController.xib */,
				EB72B2591AB04468004503D1 /* BuyFlightViewController.h */,
				EB72B25A1AB04468004503D1 /* BuyFlightViewController.m */,
				EB72B25B1AB04468004503D1 /* BuyFlightViewController.xib */,
				116185A71ABE1C25006275B7 /* PlacesViewController.h */,
				116185A81ABE1C25006275B7 /* PlacesViewController.m */,
				116185A91ABE1C25006275B7 /* PlacesViewController.xib */,
			);
			name = "View Controllers";
			sourceTree = "<group>";
		};
		C4FA0DB21AABAAFE0023FDC3 /* API */ = {
			isa = PBXGroup;
			children = (
				C4FA0DB91AABC1C80023FDC3 /* TripClient.h */,
				C4FA0DBA1AABC1C80023FDC3 /* TripClient.m */,
				11A389911AABE017006BA0F1 /* PlacesClient.h */,
				11873B011AABF6220050D5DA /* PlacesClient.m */,
				11873B161AAD49A70050D5DA /* KimonoClient.h */,
				11873B171AAD49A70050D5DA /* KimonoClient.m */,
				C4FA0DDA1AAEB96B0023FDC3 /* AirportClient.h */,
				C4FA0DDB1AAEB96B0023FDC3 /* AirportClient.m */,
				EB91F1BD1AB6C573000A815F /* GoogleSearchClient.h */,
				EB91F1BE1AB6C573000A815F /* GoogleSearchClient.m */,
				EB42F5251AC2B5CA0004A9B8 /* SkyscannerClient.h */,
				EB42F5261AC2B5CA0004A9B8 /* SkyscannerClient.m */,
			);
			name = API;
			sourceTree = "<group>";
		};
		EB08A4071AAD335A001C2AA3 /* Helpers */ = {
			isa = PBXGroup;
			children = (
				EB08A40B1AAD349C001C2AA3 /* NameMappingHelper.h */,
				EB08A40C1AAD349C001C2AA3 /* NameMappingHelper.m */,
				EBDB6BE81AAEBA8200F24818 /* FavoritesManager.h */,
				EBDB6BE91AAEBA8200F24818 /* FavoritesManager.m */,
				EB72B2541AB032D7004503D1 /* CurrencyFormatter.h */,
				EB72B2551AB032D7004503D1 /* CurrencyFormatter.m */,
				C43028081AB4DED200DA2B18 /* LocationManager.h */,
				C43028091AB4DED200DA2B18 /* LocationManager.m */,
				EB42F4D91ABF82500004A9B8 /* BaseTransition.h */,
				EB42F4DA1ABF82500004A9B8 /* BaseTransition.m */,
				EB42F4DF1ABF8A050004A9B8 /* BaseTransitionPrivate.h */,
				EB42F4DC1ABF899A0004A9B8 /* ZoomTransition.h */,
				EB42F4DD1ABF899A0004A9B8 /* ZoomTransition.m */,
				EB42F51C1AC284570004A9B8 /* FlightDetailsTransition.h */,
				EB42F51D1AC284570004A9B8 /* FlightDetailsTransition.m */,
				EB42F51F1AC293100004A9B8 /* NavigationControllerDelegate.h */,
				EB42F5201AC293100004A9B8 /* NavigationControllerDelegate.m */,
				C4F17FB21AC3448700540A09 /* PushTiltTransition.h */,
				C4F17FB31AC3448700540A09 /* PushTiltTransition.m */,
			);
			name = Helpers;
			sourceTree = "<group>";
		};
		EB19EE121AB97C91008258C1 /* FlightResultsViewController Cells */ = {
			isa = PBXGroup;
			children = (
				EBA521191AABF4B80081E88A /* FlightResultCell.h */,
				EBA5211A1AABF4B80081E88A /* FlightResultCell.m */,
				EBA5211B1AABF4B80081E88A /* FlightResultCell.xib */,
				EB72B2651AB3F327004503D1 /* OneWayFlightResultView.xib */,
				EB72B2671AB3F655004503D1 /* OneWayFlightResultView.h */,
				EB72B2681AB3F655004503D1 /* OneWayFlightResultView.m */,
				EBA7FA881AB56CA100760622 /* FlightResultGroupCell.h */,
				EBA7FA891AB56CA100760622 /* FlightResultGroupCell.m */,
				EBA7FA8A1AB56CA100760622 /* FlightResultGroupCell.xib */,
			);
			name = "FlightResultsViewController Cells";
			sourceTree = "<group>";
		};
		EB19EE131AB97CBB008258C1 /* FlightDetailViewController Cells */ = {
			isa = PBXGroup;
			children = (
				EB3EF1311AAC38B60008FF9E /* OneWayFlightDetailView.xib */,
				EB08A4041AAC3948001C2AA3 /* OneWayFlightDetailView.h */,
				EB08A4051AAC3948001C2AA3 /* OneWayFlightDetailView.m */,
				EBA7FA961AB6538000760622 /* SegmentDetailCell.h */,
				EBA7FA971AB6538000760622 /* SegmentDetailCell.m */,
				EBA7FA981AB6538000760622 /* SegmentDetailCell.xib */,
				EBA7FA9B1AB6539600760622 /* LayoverDetailCell.h */,
				EBA7FA9C1AB6539600760622 /* LayoverDetailCell.m */,
				EBA7FA9D1AB6539600760622 /* LayoverDetailCell.xib */,
				EBA7FAA01AB6639900760622 /* FlightDetailSectionHeaderView.xib */,
				EBA7FAA21AB6656100760622 /* FlightDetailSectionHeaderView.h */,
				EBA7FAA31AB6656100760622 /* FlightDetailSectionHeaderView.m */,
				EB735C181AB819EE00386362 /* TriangleView.h */,
				EB735C191AB819EE00386362 /* TriangleView.m */,
			);
			name = "FlightDetailViewController Cells";
			sourceTree = "<group>";
		};
		EBA5210D1AABE2800081E88A /* Sample Flight Data */ = {
			isa = PBXGroup;
			children = (
				EB7A408A1AC602FF00F13379 /* AMS.txt */,
				EB7A408B1AC602FF00F13379 /* ARN.txt */,
				EB7A408C1AC602FF00F13379 /* ATH.txt */,
				EB7A408D1AC602FF00F13379 /* BCN.txt */,
				EB7A408E1AC602FF00F13379 /* BEG.txt */,
				EB7A408F1AC602FF00F13379 /* BRU.txt */,
				EB7A40901AC602FF00F13379 /* BUD.txt */,
				EB7A40911AC602FF00F13379 /* CDG.txt */,
				EB7A40921AC602FF00F13379 /* DME.txt */,
				EB7A40931AC602FF00F13379 /* DUB.txt */,
				EB7A40941AC602FF00F13379 /* EDI.txt */,
				EB7A40951AC602FF00F13379 /* FCO.txt */,
				EB7A40961AC602FF00F13379 /* FLR.txt */,
				EB7A40971AC602FF00F13379 /* FRA.txt */,
				EB7A40981AC602FF00F13379 /* GDN.txt */,
				EB7A40991AC602FF00F13379 /* GVA.txt */,
				EB7A409A1AC602FF00F13379 /* IBZ.txt */,
				EB7A409B1AC602FF00F13379 /* IST.txt */,
				EB7A409C1AC602FF00F13379 /* KEF.txt */,
				EB7A409D1AC602FF00F13379 /* KRK.txt */,
				EB7A409E1AC602FF00F13379 /* LED.txt */,
				EB7A409F1AC602FF00F13379 /* LEJ.txt */,
				EB7A40A01AC602FF00F13379 /* LIS.txt */,
				EB7A40A11AC602FF00F13379 /* LYS.txt */,
				EB7A40A21AC602FF00F13379 /* MAD.txt */,
				EB7A40A31AC602FF00F13379 /* MUC.txt */,
				EB7A40A41AC602FF00F13379 /* MXP.txt */,
				EB7A40A51AC602FF00F13379 /* NCE.txt */,
				EB7A40A61AC602FF00F13379 /* OPO.txt */,
				EB7A40A71AC602FF00F13379 /* ORY.txt */,
				EB7A40A81AC602FF00F13379 /* OSL.txt */,
				EB7A40A91AC602FF00F13379 /* POZ.txt */,
				EB7A40AA1AC602FF00F13379 /* PRG.txt */,
				EB7A40AB1AC602FF00F13379 /* PSA.txt */,
				EB7A40AC1AC602FF00F13379 /* SXF.txt */,
				EB7A40AD1AC602FF00F13379 /* SZG.txt */,
				EB7A40AE1AC602FF00F13379 /* TRN.txt */,
				EB7A40AF1AC602FF00F13379 /* TXL.txt */,
				EB7A40B01AC602FF00F13379 /* VCE.txt */,
				EB7A40B11AC602FF00F13379 /* VIE.txt */,
				EB7A40B21AC602FF00F13379 /* VLC.txt */,
				EB7A40B31AC602FF00F13379 /* WAW.txt */,
				EB7A40B41AC602FF00F13379 /* ZRH.txt */,
			);
			name = "Sample Flight Data";
			sourceTree = "<group>";
		};
/* End PBXGroup section */

/* Begin PBXNativeTarget section */
		C4FA0D701AAB9B830023FDC3 /* EuroFlight */ = {
			isa = PBXNativeTarget;
			buildConfigurationList = C4FA0D941AAB9B830023FDC3 /* Build configuration list for PBXNativeTarget "EuroFlight" */;
			buildPhases = (
				F45BB875D6429301D681C198 /* Check Pods Manifest.lock */,
				C4FA0D6D1AAB9B830023FDC3 /* Sources */,
				C4FA0D6E1AAB9B830023FDC3 /* Frameworks */,
				C4FA0D6F1AAB9B830023FDC3 /* Resources */,
				79BBF93FC9704DA9CFE491A5 /* Copy Pods Resources */,
			);
			buildRules = (
			);
			dependencies = (
			);
			name = EuroFlight;
			productName = EuroFlight;
			productReference = C4FA0D711AAB9B830023FDC3 /* EuroFlight.app */;
			productType = "com.apple.product-type.application";
		};
		C4FA0D891AAB9B830023FDC3 /* EuroFlightTests */ = {
			isa = PBXNativeTarget;
			buildConfigurationList = C4FA0D971AAB9B830023FDC3 /* Build configuration list for PBXNativeTarget "EuroFlightTests" */;
			buildPhases = (
				C4FA0D861AAB9B830023FDC3 /* Sources */,
				C4FA0D871AAB9B830023FDC3 /* Frameworks */,
				C4FA0D881AAB9B830023FDC3 /* Resources */,
			);
			buildRules = (
			);
			dependencies = (
				C4FA0D8C1AAB9B830023FDC3 /* PBXTargetDependency */,
			);
			name = EuroFlightTests;
			productName = EuroFlightTests;
			productReference = C4FA0D8A1AAB9B830023FDC3 /* EuroFlightTests.xctest */;
			productType = "com.apple.product-type.bundle.unit-test";
		};
/* End PBXNativeTarget section */

/* Begin PBXProject section */
		C4FA0D691AAB9B820023FDC3 /* Project object */ = {
			isa = PBXProject;
			attributes = {
				LastUpgradeCheck = 0610;
				ORGANIZATIONNAME = OkStupid;
				TargetAttributes = {
					C4FA0D701AAB9B830023FDC3 = {
						CreatedOnToolsVersion = 6.1.1;
					};
					C4FA0D891AAB9B830023FDC3 = {
						CreatedOnToolsVersion = 6.1.1;
						TestTargetID = C4FA0D701AAB9B830023FDC3;
					};
				};
			};
			buildConfigurationList = C4FA0D6C1AAB9B820023FDC3 /* Build configuration list for PBXProject "EuroFlight" */;
			compatibilityVersion = "Xcode 3.2";
			developmentRegion = English;
			hasScannedForEncodings = 0;
			knownRegions = (
				en,
				Base,
			);
			mainGroup = C4FA0D681AAB9B820023FDC3;
			productRefGroup = C4FA0D721AAB9B830023FDC3 /* Products */;
			projectDirPath = "";
			projectRoot = "";
			targets = (
				C4FA0D701AAB9B830023FDC3 /* EuroFlight */,
				C4FA0D891AAB9B830023FDC3 /* EuroFlightTests */,
			);
		};
/* End PBXProject section */

/* Begin PBXResourcesBuildPhase section */
		C4FA0D6F1AAB9B830023FDC3 /* Resources */ = {
			isa = PBXResourcesBuildPhase;
			buildActionMask = 2147483647;
			files = (
				EB7A40D21AC602FF00F13379 /* ORY.txt in Resources */,
				EB7A40D61AC602FF00F13379 /* PSA.txt in Resources */,
				EB7A40CE1AC602FF00F13379 /* MUC.txt in Resources */,
				EB7A40C01AC602FF00F13379 /* FCO.txt in Resources */,
				117F3FFD1AB94F9C00D2D5A3 /* PlaceCollectionCell.xib in Resources */,
				C4FA0D851AAB9B830023FDC3 /* LaunchScreen.xib in Resources */,
				C4FA0DE91AAEC5B20023FDC3 /* AirportTableViewCell.xib in Resources */,
				EBA7FA8C1AB56CA100760622 /* FlightResultGroupCell.xib in Resources */,
				EB7A40DC1AC602FF00F13379 /* VIE.txt in Resources */,
				EB7A40DF1AC602FF00F13379 /* ZRH.txt in Resources */,
				EB7A40BB1AC602FF00F13379 /* BUD.txt in Resources */,
				C4FA0DD41AABEE0F0023FDC3 /* Images.xcassets in Resources */,
				EB7A40BE1AC602FF00F13379 /* DUB.txt in Resources */,
				113E2AB61AB925FA00DAAFA3 /* EventCell.xib in Resources */,
				EB3EF1321AAC38B60008FF9E /* OneWayFlightDetailView.xib in Resources */,
				EB7A40BA1AC602FF00F13379 /* BRU.txt in Resources */,
				C43028151AB50B9F00DA2B18 /* DateSelectionCell.xib in Resources */,
				EB7A40DB1AC602FF00F13379 /* VCE.txt in Resources */,
				C4FA0DD51AABEE0F0023FDC3 /* HomeViewController.xib in Resources */,
				EB735C251AB9412B00386362 /* FavoritesResultCell.xib in Resources */,
				C4FA0DC51AABDEF20023FDC3 /* ResultsViewController.xib in Resources */,
				EB7A40CB1AC602FF00F13379 /* LIS.txt in Resources */,
				EB7A40C81AC602FF00F13379 /* KRK.txt in Resources */,
				EBA7FA9F1AB6539600760622 /* LayoverDetailCell.xib in Resources */,
				C43028241AB51F0400DA2B18 /* OneWayRoundTripCell.xib in Resources */,
				EB7A40D41AC602FF00F13379 /* POZ.txt in Resources */,
				11873B0D1AABF9FD0050D5DA /* CityDetailsViewController.xib in Resources */,
				EB7A40B71AC602FF00F13379 /* ATH.txt in Resources */,
				EB7A40CF1AC602FF00F13379 /* MXP.txt in Resources */,
				EB7A40B91AC602FF00F13379 /* BEG.txt in Resources */,
				116185B01ABE3CB3006275B7 /* PlacesScrollCustomView.xib in Resources */,
				EB7A40B81AC602FF00F13379 /* BCN.txt in Resources */,
				C4FA0DE41AAEC2CD0023FDC3 /* AirportSearchResultsControllerViewController.xib in Resources */,
				EB7A40D71AC602FF00F13379 /* SXF.txt in Resources */,
				EB7A40D11AC602FF00F13379 /* OPO.txt in Resources */,
				C4FA0DCA1AABDFC60023FDC3 /* CountryTableViewCell.xib in Resources */,
				EB7A40D91AC602FF00F13379 /* TRN.txt in Resources */,
				116185AB1ABE1C25006275B7 /* PlacesViewController.xib in Resources */,
				EB7A40CC1AC602FF00F13379 /* LYS.txt in Resources */,
				EB7A40C91AC602FF00F13379 /* LED.txt in Resources */,
				113E2AAC1AB923C400DAAFA3 /* DescriptionCell.xib in Resources */,
				C43028101AB507FA00DA2B18 /* DepartureCityCell.xib in Resources */,
				EBA7FAA11AB6639900760622 /* FlightDetailSectionHeaderView.xib in Resources */,
				EB7A40DD1AC602FF00F13379 /* VLC.txt in Resources */,
				EBA5211D1AABF4B80081E88A /* FlightResultCell.xib in Resources */,
				EB7A40C71AC602FF00F13379 /* KEF.txt in Resources */,
				EB7A40BD1AC602FF00F13379 /* DME.txt in Resources */,
				EB7A40B51AC602FF00F13379 /* AMS.txt in Resources */,
				EB72B22B1AAEDE47004503D1 /* FavoritesViewController.xib in Resources */,
				EB7A40C41AC602FF00F13379 /* GVA.txt in Resources */,
				EBA521221AABFFE60081E88A /* FlightDetailViewController.xib in Resources */,
				EB7A40C21AC602FF00F13379 /* FRA.txt in Resources */,
				EB7A40DA1AC602FF00F13379 /* TXL.txt in Resources */,
				EB7A40BC1AC602FF00F13379 /* CDG.txt in Resources */,
				11873B1D1AAD7D990050D5DA /* EventDetailViewController.xib in Resources */,
				117F87C41AAFF40900C1E24C /* PlaceCollectionViewCell.xib in Resources */,
				EB7A40D81AC602FF00F13379 /* SZG.txt in Resources */,
				EB7A40B61AC602FF00F13379 /* ARN.txt in Resources */,
				EB7A40C11AC602FF00F13379 /* FLR.txt in Resources */,
				EB72B25D1AB04468004503D1 /* BuyFlightViewController.xib in Resources */,
				EB7A40CA1AC602FF00F13379 /* LEJ.txt in Resources */,
				EBA7FA9A1AB6538000760622 /* SegmentDetailCell.xib in Resources */,
				EB7A40C61AC602FF00F13379 /* IST.txt in Resources */,
				EB7A40DE1AC602FF00F13379 /* WAW.txt in Resources */,
				EB7A40C51AC602FF00F13379 /* IBZ.txt in Resources */,
				EBA521181AABF3290081E88A /* FlightResultsViewController.xib in Resources */,
				EB7A40C31AC602FF00F13379 /* GDN.txt in Resources */,
				EB7A40BF1AC602FF00F13379 /* EDI.txt in Resources */,
				EB72B2661AB3F327004503D1 /* OneWayFlightResultView.xib in Resources */,
				EB7A40D01AC602FF00F13379 /* NCE.txt in Resources */,
				EB7A40D31AC602FF00F13379 /* OSL.txt in Resources */,
				C43028301AB7F89900DA2B18 /* CityCustomMiniView.xib in Resources */,
				EB7A40D51AC602FF00F13379 /* PRG.txt in Resources */,
				EB7A40CD1AC602FF00F13379 /* MAD.txt in Resources */,
			);
			runOnlyForDeploymentPostprocessing = 0;
		};
		C4FA0D881AAB9B830023FDC3 /* Resources */ = {
			isa = PBXResourcesBuildPhase;
			buildActionMask = 2147483647;
			files = (
			);
			runOnlyForDeploymentPostprocessing = 0;
		};
/* End PBXResourcesBuildPhase section */

/* Begin PBXShellScriptBuildPhase section */
		79BBF93FC9704DA9CFE491A5 /* Copy Pods Resources */ = {
			isa = PBXShellScriptBuildPhase;
			buildActionMask = 2147483647;
			files = (
			);
			inputPaths = (
			);
			name = "Copy Pods Resources";
			outputPaths = (
			);
			runOnlyForDeploymentPostprocessing = 0;
			shellPath = /bin/sh;
			shellScript = "\"${SRCROOT}/Pods/Target Support Files/Pods/Pods-resources.sh\"\n";
			showEnvVarsInLog = 0;
		};
		F45BB875D6429301D681C198 /* Check Pods Manifest.lock */ = {
			isa = PBXShellScriptBuildPhase;
			buildActionMask = 2147483647;
			files = (
			);
			inputPaths = (
			);
			name = "Check Pods Manifest.lock";
			outputPaths = (
			);
			runOnlyForDeploymentPostprocessing = 0;
			shellPath = /bin/sh;
			shellScript = "diff \"${PODS_ROOT}/../Podfile.lock\" \"${PODS_ROOT}/Manifest.lock\" > /dev/null\nif [[ $? != 0 ]] ; then\n    cat << EOM\nerror: The sandbox is not in sync with the Podfile.lock. Run 'pod install' or update your CocoaPods installation.\nEOM\n    exit 1\nfi\n";
			showEnvVarsInLog = 0;
		};
/* End PBXShellScriptBuildPhase section */

/* Begin PBXSourcesBuildPhase section */
		C4FA0D6D1AAB9B830023FDC3 /* Sources */ = {
			isa = PBXSourcesBuildPhase;
			buildActionMask = 2147483647;
			files = (
				C43028141AB50B9F00DA2B18 /* DateSelectionCell.m in Sources */,
				EB91F1BF1AB6C573000A815F /* GoogleSearchClient.m in Sources */,
				C430280A1AB4DED200DA2B18 /* LocationManager.m in Sources */,
				C4FA0DD31AABEE0F0023FDC3 /* Country.m in Sources */,
				EB72B22A1AAEDE47004503D1 /* FavoritesViewController.m in Sources */,
				C4F17FB41AC3448700540A09 /* PushTiltTransition.m in Sources */,
				EB735C1A1AB819EE00386362 /* TriangleView.m in Sources */,
				C4FA0DD01AABEE0F0023FDC3 /* Trip.m in Sources */,
				C4FA0DE81AAEC5B20023FDC3 /* AirportTableViewCell.m in Sources */,
				C4FA0DD11AABEE0F0023FDC3 /* FlightSegment.m in Sources */,
				116185AE1ABE3C9B006275B7 /* PlacesScrollCustomView.m in Sources */,
				C4FA0DC41AABDEF20023FDC3 /* ResultsViewController.m in Sources */,
				C4FA0DD21AABEE0F0023FDC3 /* TripClient.m in Sources */,
				EBA7FA991AB6538000760622 /* SegmentDetailCell.m in Sources */,
				EBA7FA8B1AB56CA100760622 /* FlightResultGroupCell.m in Sources */,
				117F87C31AAFF40900C1E24C /* PlaceCollectionViewCell.m in Sources */,
				EB08A4061AAC3948001C2AA3 /* OneWayFlightDetailView.m in Sources */,
				EB7665DA1ABF3E600094D6C3 /* PlaneLoadingView.m in Sources */,
				EB42F5271AC2B5CA0004A9B8 /* SkyscannerClient.m in Sources */,
				EBDB6BEA1AAEBA8200F24818 /* FavoritesManager.m in Sources */,
				C4FA0DC91AABDFC60023FDC3 /* CountryTableViewCell.m in Sources */,
				C4FA0DDF1AAEBDE00023FDC3 /* Airport.m in Sources */,
				EB72B25C1AB04468004503D1 /* BuyFlightViewController.m in Sources */,
				11873B021AABF6220050D5DA /* PlacesClient.m in Sources */,
				11873B051AABF6340050D5DA /* Place.m in Sources */,
				117F3FFC1AB94F9C00D2D5A3 /* PlaceCollectionCell.m in Sources */,
				EBA7FAA41AB6656100760622 /* FlightDetailSectionHeaderView.m in Sources */,
				C4FA0DAB1AABA72F0023FDC3 /* City.m in Sources */,
				EB42F5211AC293100004A9B8 /* NavigationControllerDelegate.m in Sources */,
				EB42F4DE1ABF899A0004A9B8 /* ZoomTransition.m in Sources */,
				C43028231AB51F0400DA2B18 /* OneWayRoundTripCell.m in Sources */,
				C4FA0DB11AABA86A0023FDC3 /* Event.m in Sources */,
				C4FA0DE31AAEC2CD0023FDC3 /* AirportSearchResultsControllerViewController.m in Sources */,
				EBA521211AABFFE60081E88A /* FlightDetailViewController.m in Sources */,
				C4FA0DBF1AABD6670023FDC3 /* HomeViewController.m in Sources */,
				EBA5211C1AABF4B80081E88A /* FlightResultCell.m in Sources */,
				11873B1C1AAD7D990050D5DA /* EventDetailViewController.m in Sources */,
				C4FA0DA51AABA5B50023FDC3 /* Flight.m in Sources */,
				EB42F51E1AC284570004A9B8 /* FlightDetailsTransition.m in Sources */,
				113E2AAB1AB923C400DAAFA3 /* DescriptionCell.m in Sources */,
				C43028331AB7F91200DA2B18 /* CityCustomMiniView.m in Sources */,
				C43028281AB53FBC00DA2B18 /* UIImage+Util.m in Sources */,
				116185AA1ABE1C25006275B7 /* PlacesViewController.m in Sources */,
				EB08A40D1AAD349C001C2AA3 /* NameMappingHelper.m in Sources */,
				EBA521171AABF3290081E88A /* FlightResultsViewController.m in Sources */,
				113E2AB51AB925FA00DAAFA3 /* EventCell.m in Sources */,
				C430280F1AB507FA00DA2B18 /* DepartureCityCell.m in Sources */,
				EB72B2561AB032D7004503D1 /* CurrencyFormatter.m in Sources */,
				EB42F4DB1ABF82500004A9B8 /* BaseTransition.m in Sources */,
				11873B071AABF9BF0050D5DA /* AppDelegate.m in Sources */,
				11873B081AABF9BF0050D5DA /* Context.m in Sources */,
				C4FA0DDC1AAEB96B0023FDC3 /* AirportClient.m in Sources */,
				EB72B2691AB3F655004503D1 /* OneWayFlightResultView.m in Sources */,
				11873B061AABF9BF0050D5DA /* main.m in Sources */,
				11873B0C1AABF9FD0050D5DA /* CityDetailsViewController.m in Sources */,
				11A389931AABE017006BA0F1 /* (null) in Sources */,
				EBA7FA9E1AB6539600760622 /* LayoverDetailCell.m in Sources */,
				EB735C241AB9412B00386362 /* FavoritesResultCell.m in Sources */,
				11873B181AAD49A70050D5DA /* KimonoClient.m in Sources */,
			);
			runOnlyForDeploymentPostprocessing = 0;
		};
		C4FA0D861AAB9B830023FDC3 /* Sources */ = {
			isa = PBXSourcesBuildPhase;
			buildActionMask = 2147483647;
			files = (
				C4FA0D911AAB9B830023FDC3 /* EuroFlightTests.m in Sources */,
			);
			runOnlyForDeploymentPostprocessing = 0;
		};
/* End PBXSourcesBuildPhase section */

/* Begin PBXTargetDependency section */
		C4FA0D8C1AAB9B830023FDC3 /* PBXTargetDependency */ = {
			isa = PBXTargetDependency;
			target = C4FA0D701AAB9B830023FDC3 /* EuroFlight */;
			targetProxy = C4FA0D8B1AAB9B830023FDC3 /* PBXContainerItemProxy */;
		};
/* End PBXTargetDependency section */

/* Begin PBXVariantGroup section */
		C4FA0D831AAB9B830023FDC3 /* LaunchScreen.xib */ = {
			isa = PBXVariantGroup;
			children = (
				C4FA0D841AAB9B830023FDC3 /* Base */,
			);
			name = LaunchScreen.xib;
			sourceTree = "<group>";
		};
/* End PBXVariantGroup section */

/* Begin XCBuildConfiguration section */
		C4FA0D921AAB9B830023FDC3 /* Debug */ = {
			isa = XCBuildConfiguration;
			buildSettings = {
				ALWAYS_SEARCH_USER_PATHS = NO;
				CLANG_CXX_LANGUAGE_STANDARD = "gnu++0x";
				CLANG_CXX_LIBRARY = "libc++";
				CLANG_ENABLE_MODULES = YES;
				CLANG_ENABLE_OBJC_ARC = YES;
				CLANG_WARN_BOOL_CONVERSION = YES;
				CLANG_WARN_CONSTANT_CONVERSION = YES;
				CLANG_WARN_DIRECT_OBJC_ISA_USAGE = YES_ERROR;
				CLANG_WARN_EMPTY_BODY = YES;
				CLANG_WARN_ENUM_CONVERSION = YES;
				CLANG_WARN_INT_CONVERSION = YES;
				CLANG_WARN_OBJC_ROOT_CLASS = YES_ERROR;
				CLANG_WARN_UNREACHABLE_CODE = YES;
				CLANG_WARN__DUPLICATE_METHOD_MATCH = YES;
				"CODE_SIGN_IDENTITY[sdk=iphoneos*]" = "iPhone Developer";
				COPY_PHASE_STRIP = NO;
				ENABLE_STRICT_OBJC_MSGSEND = YES;
				GCC_C_LANGUAGE_STANDARD = gnu99;
				GCC_DYNAMIC_NO_PIC = NO;
				GCC_OPTIMIZATION_LEVEL = 0;
				GCC_PREPROCESSOR_DEFINITIONS = (
					"DEBUG=1",
					"$(inherited)",
				);
				GCC_SYMBOLS_PRIVATE_EXTERN = NO;
				GCC_WARN_64_TO_32_BIT_CONVERSION = YES;
				GCC_WARN_ABOUT_RETURN_TYPE = YES_ERROR;
				GCC_WARN_UNDECLARED_SELECTOR = YES;
				GCC_WARN_UNINITIALIZED_AUTOS = YES_AGGRESSIVE;
				GCC_WARN_UNUSED_FUNCTION = YES;
				GCC_WARN_UNUSED_VARIABLE = YES;
				IPHONEOS_DEPLOYMENT_TARGET = 8.1;
				MTL_ENABLE_DEBUG_INFO = YES;
				ONLY_ACTIVE_ARCH = YES;
				SDKROOT = iphoneos;
			};
			name = Debug;
		};
		C4FA0D931AAB9B830023FDC3 /* Release */ = {
			isa = XCBuildConfiguration;
			buildSettings = {
				ALWAYS_SEARCH_USER_PATHS = NO;
				CLANG_CXX_LANGUAGE_STANDARD = "gnu++0x";
				CLANG_CXX_LIBRARY = "libc++";
				CLANG_ENABLE_MODULES = YES;
				CLANG_ENABLE_OBJC_ARC = YES;
				CLANG_WARN_BOOL_CONVERSION = YES;
				CLANG_WARN_CONSTANT_CONVERSION = YES;
				CLANG_WARN_DIRECT_OBJC_ISA_USAGE = YES_ERROR;
				CLANG_WARN_EMPTY_BODY = YES;
				CLANG_WARN_ENUM_CONVERSION = YES;
				CLANG_WARN_INT_CONVERSION = YES;
				CLANG_WARN_OBJC_ROOT_CLASS = YES_ERROR;
				CLANG_WARN_UNREACHABLE_CODE = YES;
				CLANG_WARN__DUPLICATE_METHOD_MATCH = YES;
				"CODE_SIGN_IDENTITY[sdk=iphoneos*]" = "iPhone Developer";
				COPY_PHASE_STRIP = YES;
				ENABLE_NS_ASSERTIONS = NO;
				ENABLE_STRICT_OBJC_MSGSEND = YES;
				GCC_C_LANGUAGE_STANDARD = gnu99;
				GCC_WARN_64_TO_32_BIT_CONVERSION = YES;
				GCC_WARN_ABOUT_RETURN_TYPE = YES_ERROR;
				GCC_WARN_UNDECLARED_SELECTOR = YES;
				GCC_WARN_UNINITIALIZED_AUTOS = YES_AGGRESSIVE;
				GCC_WARN_UNUSED_FUNCTION = YES;
				GCC_WARN_UNUSED_VARIABLE = YES;
				IPHONEOS_DEPLOYMENT_TARGET = 8.1;
				MTL_ENABLE_DEBUG_INFO = NO;
				SDKROOT = iphoneos;
				VALIDATE_PRODUCT = YES;
			};
			name = Release;
		};
		C4FA0D951AAB9B830023FDC3 /* Debug */ = {
			isa = XCBuildConfiguration;
			baseConfigurationReference = 22C6EE4FA5C1D6C4ABDB0D26 /* Pods.debug.xcconfig */;
			buildSettings = {
				ASSETCATALOG_COMPILER_APPICON_NAME = AppIcon;
				INFOPLIST_FILE = EuroFlight/Info.plist;
				LD_RUNPATH_SEARCH_PATHS = "$(inherited) @executable_path/Frameworks";
				PRODUCT_NAME = "$(TARGET_NAME)";
			};
			name = Debug;
		};
		C4FA0D961AAB9B830023FDC3 /* Release */ = {
			isa = XCBuildConfiguration;
			baseConfigurationReference = 3AB1657D6FAF216320BCD98D /* Pods.release.xcconfig */;
			buildSettings = {
				ASSETCATALOG_COMPILER_APPICON_NAME = AppIcon;
				INFOPLIST_FILE = EuroFlight/Info.plist;
				LD_RUNPATH_SEARCH_PATHS = "$(inherited) @executable_path/Frameworks";
				PRODUCT_NAME = "$(TARGET_NAME)";
			};
			name = Release;
		};
		C4FA0D981AAB9B830023FDC3 /* Debug */ = {
			isa = XCBuildConfiguration;
			buildSettings = {
				BUNDLE_LOADER = "$(TEST_HOST)";
				FRAMEWORK_SEARCH_PATHS = (
					"$(SDKROOT)/Developer/Library/Frameworks",
					"$(inherited)",
				);
				GCC_PREPROCESSOR_DEFINITIONS = (
					"DEBUG=1",
					"$(inherited)",
				);
				INFOPLIST_FILE = EuroFlightTests/Info.plist;
				LD_RUNPATH_SEARCH_PATHS = "$(inherited) @executable_path/Frameworks @loader_path/Frameworks";
				PRODUCT_NAME = "$(TARGET_NAME)";
				TEST_HOST = "$(BUILT_PRODUCTS_DIR)/EuroFlight.app/EuroFlight";
			};
			name = Debug;
		};
		C4FA0D991AAB9B830023FDC3 /* Release */ = {
			isa = XCBuildConfiguration;
			buildSettings = {
				BUNDLE_LOADER = "$(TEST_HOST)";
				FRAMEWORK_SEARCH_PATHS = (
					"$(SDKROOT)/Developer/Library/Frameworks",
					"$(inherited)",
				);
				INFOPLIST_FILE = EuroFlightTests/Info.plist;
				LD_RUNPATH_SEARCH_PATHS = "$(inherited) @executable_path/Frameworks @loader_path/Frameworks";
				PRODUCT_NAME = "$(TARGET_NAME)";
				TEST_HOST = "$(BUILT_PRODUCTS_DIR)/EuroFlight.app/EuroFlight";
			};
			name = Release;
		};
/* End XCBuildConfiguration section */

/* Begin XCConfigurationList section */
		C4FA0D6C1AAB9B820023FDC3 /* Build configuration list for PBXProject "EuroFlight" */ = {
			isa = XCConfigurationList;
			buildConfigurations = (
				C4FA0D921AAB9B830023FDC3 /* Debug */,
				C4FA0D931AAB9B830023FDC3 /* Release */,
			);
			defaultConfigurationIsVisible = 0;
			defaultConfigurationName = Release;
		};
		C4FA0D941AAB9B830023FDC3 /* Build configuration list for PBXNativeTarget "EuroFlight" */ = {
			isa = XCConfigurationList;
			buildConfigurations = (
				C4FA0D951AAB9B830023FDC3 /* Debug */,
				C4FA0D961AAB9B830023FDC3 /* Release */,
			);
			defaultConfigurationIsVisible = 0;
			defaultConfigurationName = Release;
		};
		C4FA0D971AAB9B830023FDC3 /* Build configuration list for PBXNativeTarget "EuroFlightTests" */ = {
			isa = XCConfigurationList;
			buildConfigurations = (
				C4FA0D981AAB9B830023FDC3 /* Debug */,
				C4FA0D991AAB9B830023FDC3 /* Release */,
			);
			defaultConfigurationIsVisible = 0;
			defaultConfigurationName = Release;
		};
/* End XCConfigurationList section */
	};
	rootObject = C4FA0D691AAB9B820023FDC3 /* Project object */;
}
